<?xml version="1.0" encoding="utf-8"?>
<Project ToolsVersion="14.0" xmlns="http://schemas.microsoft.com/developer/msbuild/2003">
  <ItemGroup>
    <ClCompile Include="F:\ExcessiveTeam-master\Engine\GraphicsEngine_RasterZsiros\CommonOS\src\Log.cpp">
      <Filter>Source Files</Filter>
    </ClCompile>
    <ClCompile Include="F:\ExcessiveTeam-master\Engine\GraphicsEngine_RasterZsiros\Core\src\Camera.cpp">
      <Filter>Source Files</Filter>
    </ClCompile>
    <ClCompile Include="F:\ExcessiveTeam-master\Engine\GraphicsEngine_RasterZsiros\Core\src\CgShaderHelper.cpp">
      <Filter>Source Files</Filter>
    </ClCompile>
    <ClCompile Include="F:\ExcessiveTeam-master\Engine\GraphicsEngine_RasterZsiros\Core\src\CreateGAPI.cpp">
      <Filter>Source Files</Filter>
    </ClCompile>
    <ClCompile Include="F:\ExcessiveTeam-master\Engine\GraphicsEngine_RasterZsiros\Core\src\Entity.cpp">
      <Filter>Source Files</Filter>
    </ClCompile>
    <ClCompile Include="F:\ExcessiveTeam-master\Engine\GraphicsEngine_RasterZsiros\Core\src\Exception.cpp">
      <Filter>Source Files</Filter>
    </ClCompile>
    <ClCompile Include="F:\ExcessiveTeam-master\Engine\GraphicsEngine_RasterZsiros\Core\src\FileUtil.cpp">
      <Filter>Source Files</Filter>
    </ClCompile>
    <ClCompile Include="F:\ExcessiveTeam-master\Engine\GraphicsEngine_RasterZsiros\Core\src\Game.cpp">
      <Filter>Source Files</Filter>
    </ClCompile>
    <ClCompile Include="F:\ExcessiveTeam-master\Engine\GraphicsEngine_RasterZsiros\Core\src\ILog.cpp">
      <Filter>Source Files</Filter>
    </ClCompile>
    <ClCompile Include="F:\ExcessiveTeam-master\Engine\GraphicsEngine_RasterZsiros\Core\src\ITransformable3D.cpp">
      <Filter>Source Files</Filter>
    </ClCompile>
    <ClCompile Include="F:\ExcessiveTeam-master\Engine\GraphicsEngine_RasterZsiros\Core\src\Level.cpp">
      <Filter>Source Files</Filter>
    </ClCompile>
    <ClCompile Include="F:\ExcessiveTeam-master\Engine\GraphicsEngine_RasterZsiros\Core\src\LogicEngine.cpp">
      <Filter>Source Files</Filter>
    </ClCompile>
    <ClCompile Include="F:\ExcessiveTeam-master\Engine\GraphicsEngine_RasterZsiros\Core\src\StrUtil.cpp">
      <Filter>Source Files</Filter>
    </ClCompile>
    <ClCompile Include="F:\ExcessiveTeam-master\Engine\GraphicsEngine_RasterZsiros\Core\src\TagParser.cpp">
      <Filter>Source Files</Filter>
    </ClCompile>
    <ClCompile Include="F:\ExcessiveTeam-master\Engine\GraphicsEngine_RasterZsiros\Core\src\Timer.cpp">
      <Filter>Source Files</Filter>
    </ClCompile>
    <ClCompile Include="F:\ExcessiveTeam-master\Engine\GraphicsEngine_RasterZsiros\Core\src\Transform3D.cpp">
      <Filter>Source Files</Filter>
    </ClCompile>
    <ClCompile Include="F:\ExcessiveTeam-master\Engine\GraphicsEngine_RasterZsiros\Core\src\common.cpp">
      <Filter>Source Files</Filter>
    </ClCompile>
    <ClCompile Include="F:\ExcessiveTeam-master\Engine\GraphicsEngine_RasterZsiros\Core\src\lighting\lighting.cpp">
      <Filter>Source Files</Filter>
    </ClCompile>
    <ClCompile Include="F:\ExcessiveTeam-master\Engine\GraphicsEngine_RasterZsiros\Core\src\math\Matrix44.cpp">
      <Filter>Source Files</Filter>
    </ClCompile>
    <ClCompile Include="F:\ExcessiveTeam-master\Engine\GraphicsEngine_RasterZsiros\Core\src\math\Point.cpp">
      <Filter>Source Files</Filter>
    </ClCompile>
    <ClCompile Include="F:\ExcessiveTeam-master\Engine\GraphicsEngine_RasterZsiros\Core\src\math\Vec2.cpp">
      <Filter>Source Files</Filter>
    </ClCompile>
    <ClCompile Include="F:\ExcessiveTeam-master\Engine\GraphicsEngine_RasterZsiros\Core\src\math\Vec4.cpp">
      <Filter>Source Files</Filter>
    </ClCompile>
    <ClCompile Include="F:\ExcessiveTeam-master\Engine\GraphicsEngine_RasterZsiros\Core\src\math\color.cpp">
      <Filter>Source Files</Filter>
    </ClCompile>
    <ClCompile Include="F:\ExcessiveTeam-master\Engine\GraphicsEngine_RasterZsiros\Core\src\math\quat.cpp">
      <Filter>Source Files</Filter>
    </ClCompile>
    <ClCompile Include="F:\ExcessiveTeam-master\Engine\GraphicsEngine_RasterZsiros\Core\src\math\vec3.cpp">
      <Filter>Source Files</Filter>
    </ClCompile>
    <ClCompile Include="F:\ExcessiveTeam-master\Engine\GraphicsEngine_RasterZsiros\Core\src\multithreading\ThreadPool.cpp">
      <Filter>Source Files</Filter>
    </ClCompile>
    <ClCompile Include="F:\ExcessiveTeam-master\Engine\GraphicsEngine_RasterZsiros\Core\src\multithreading\WorkerThread.cpp">
      <Filter>Source Files</Filter>
    </ClCompile>
    <ClCompile Include="F:\ExcessiveTeam-master\Engine\GraphicsEngine_RasterZsiros\Core\src\multithreading\spinlock.cpp">
      <Filter>Source Files</Filter>
    </ClCompile>
    <ClCompile Include="F:\ExcessiveTeam-master\Engine\GraphicsEngine_RasterZsiros\Core\src\tipsify.cpp">
      <Filter>Source Files</Filter>
    </ClCompile>
    <ClCompile Include="F:\ExcessiveTeam-master\Engine\GraphicsEngine_RasterZsiros\Core\src\zsString.cpp">
      <Filter>Source Files</Filter>
    </ClCompile>
    <ClCompile Include="F:\ExcessiveTeam-master\Engine\GraphicsEngine_RasterZsiros\GraphicsApiD3D11\src\DllMain.cpp">
      <Filter>Source Files</Filter>
    </ClCompile>
    <ClCompile Include="F:\ExcessiveTeam-master\Engine\GraphicsEngine_RasterZsiros\GraphicsApiD3D11\src\GraphicsApiD3D11.cpp">
      <Filter>Source Files</Filter>
    </ClCompile>
    <ClCompile Include="F:\ExcessiveTeam-master\Engine\GraphicsEngine_RasterZsiros\GraphicsApiD3D11\src\IndexBufferD3D11.cpp">
      <Filter>Source Files</Filter>
    </ClCompile>
    <ClCompile Include="F:\ExcessiveTeam-master\Engine\GraphicsEngine_RasterZsiros\GraphicsApiD3D11\src\ShaderProgramD3D11.cpp">
      <Filter>Source Files</Filter>
    </ClCompile>
    <ClCompile Include="F:\ExcessiveTeam-master\Engine\GraphicsEngine_RasterZsiros\GraphicsApiD3D11\src\Texture2DD3D11.cpp">
      <Filter>Source Files</Filter>
    </ClCompile>
    <ClCompile Include="F:\ExcessiveTeam-master\Engine\GraphicsEngine_RasterZsiros\GraphicsApiD3D11\src\VertexBufferD3D11.cpp">
      <Filter>Source Files</Filter>
    </ClCompile>
    <ClCompile Include="F:\ExcessiveTeam-master\Engine\GraphicsEngine_RasterZsiros\GraphicsEngineRaster\src\DeferredRenderer.cpp">
      <Filter>Source Files</Filter>
    </ClCompile>
    <ClCompile Include="F:\ExcessiveTeam-master\Engine\GraphicsEngine_RasterZsiros\GraphicsEngineRaster\src\DllMain.cpp">
      <Filter>Source Files</Filter>
    </ClCompile>
    <ClCompile Include="F:\ExcessiveTeam-master\Engine\GraphicsEngine_RasterZsiros\GraphicsEngineRaster\src\GraphicsEngine.cpp">
      <Filter>Source Files</Filter>
    </ClCompile>
    <ClCompile Include="F:\ExcessiveTeam-master\Engine\GraphicsEngine_RasterZsiros\GraphicsEngineRaster\src\GraphicsEntity.cpp">
      <Filter>Source Files</Filter>
    </ClCompile>
    <ClCompile Include="F:\ExcessiveTeam-master\Engine\GraphicsEngine_RasterZsiros\GraphicsEngineRaster\src\GraphicsLight.cpp">
      <Filter>Source Files</Filter>
    </ClCompile>
    <ClCompile Include="F:\ExcessiveTeam-master\Engine\GraphicsEngine_RasterZsiros\GraphicsEngineRaster\src\GraphicsScene.cpp">
      <Filter>Source Files</Filter>
    </ClCompile>
    <ClCompile Include="F:\ExcessiveTeam-master\Engine\GraphicsEngine_RasterZsiros\GraphicsEngineRaster\src\HDRProcessor.cpp">
      <Filter>Source Files</Filter>
    </ClCompile>
    <ClCompile Include="F:\ExcessiveTeam-master\Engine\GraphicsEngine_RasterZsiros\GraphicsEngineRaster\src\PostProcessor.cpp">
      <Filter>Source Files</Filter>
    </ClCompile>
    <ClCompile Include="F:\ExcessiveTeam-master\Engine\GraphicsEngine_RasterZsiros\GraphicsEngineRaster\src\ShadowMap.cpp">
      <Filter>Source Files</Filter>
    </ClCompile>
    <ClCompile Include="F:\ExcessiveTeam-master\Engine\GraphicsEngine_RasterZsiros\GraphicsEngineRaster\src\ShadowRenderer.cpp">
      <Filter>Source Files</Filter>
    </ClCompile>
  </ItemGroup>
  <ItemGroup>
    <ClInclude Include="F:\ExcessiveTeam-master\Engine\GraphicsEngine_RasterZsiros\CommonOS\src\Log.h">
      <Filter>Header Files</Filter>
    </ClInclude>
    <ClInclude Include="F:\ExcessiveTeam-master\Engine\GraphicsEngine_RasterZsiros\Core\src\Camera.h">
      <Filter>Header Files</Filter>
    </ClInclude>
    <ClInclude Include="F:\ExcessiveTeam-master\Engine\GraphicsEngine_RasterZsiros\Core\src\CgShaderHelper.h">
      <Filter>Header Files</Filter>
    </ClInclude>
    <ClInclude Include="F:\ExcessiveTeam-master\Engine\GraphicsEngine_RasterZsiros\Core\src\CreateGAPI.h">
      <Filter>Header Files</Filter>
    </ClInclude>
    <ClInclude Include="F:\ExcessiveTeam-master\Engine\GraphicsEngine_RasterZsiros\Core\src\DynamicLibrary.h">
      <Filter>Header Files</Filter>
    </ClInclude>
    <ClInclude Include="F:\ExcessiveTeam-master\Engine\GraphicsEngine_RasterZsiros\Core\src\Entity.h">
      <Filter>Header Files</Filter>
    </ClInclude>
    <ClInclude Include="F:\ExcessiveTeam-master\Engine\GraphicsEngine_RasterZsiros\Core\src\Exception.h">
      <Filter>Header Files</Filter>
    </ClInclude>
    <ClInclude Include="F:\ExcessiveTeam-master\Engine\GraphicsEngine_RasterZsiros\Core\src\FileUtil.h">
      <Filter>Header Files</Filter>
    </ClInclude>
    <ClInclude Include="F:\ExcessiveTeam-master\Engine\GraphicsEngine_RasterZsiros\Core\src\GAPI.h">
      <Filter>Header Files</Filter>
    </ClInclude>
    <ClInclude Include="F:\ExcessiveTeam-master\Engine\GraphicsEngine_RasterZsiros\Core\src\Game.h">
      <Filter>Header Files</Filter>
    </ClInclude>
    <ClInclude Include="F:\ExcessiveTeam-master\Engine\GraphicsEngine_RasterZsiros\Core\src\GapiResult.h">
      <Filter>Header Files</Filter>
    </ClInclude>
    <ClInclude Include="F:\ExcessiveTeam-master\Engine\GraphicsEngine_RasterZsiros\Core\src\IGeometryBuilder.h">
      <Filter>Header Files</Filter>
    </ClInclude>
    <ClInclude Include="F:\ExcessiveTeam-master\Engine\GraphicsEngine_RasterZsiros\Core\src\IGraphicsEntity.h">
      <Filter>Header Files</Filter>
    </ClInclude>
    <ClInclude Include="F:\ExcessiveTeam-master\Engine\GraphicsEngine_RasterZsiros\Core\src\IGraphicsLight.h">
      <Filter>Header Files</Filter>
    </ClInclude>
    <ClInclude Include="F:\ExcessiveTeam-master\Engine\GraphicsEngine_RasterZsiros\Core\src\ILog.h">
      <Filter>Header Files</Filter>
    </ClInclude>
    <ClInclude Include="F:\ExcessiveTeam-master\Engine\GraphicsEngine_RasterZsiros\Core\src\INetworkEngine.h">
      <Filter>Header Files</Filter>
    </ClInclude>
    <ClInclude Include="F:\ExcessiveTeam-master\Engine\GraphicsEngine_RasterZsiros\Core\src\IPhysicsEngine.h">
      <Filter>Header Files</Filter>
    </ClInclude>
    <ClInclude Include="F:\ExcessiveTeam-master\Engine\GraphicsEngine_RasterZsiros\Core\src\IPhysicsEntity.h">
      <Filter>Header Files</Filter>
    </ClInclude>
    <ClInclude Include="F:\ExcessiveTeam-master\Engine\GraphicsEngine_RasterZsiros\Core\src\ISoundEngine.h">
      <Filter>Header Files</Filter>
    </ClInclude>
    <ClInclude Include="F:\ExcessiveTeam-master\Engine\GraphicsEngine_RasterZsiros\Core\src\ITexture2D.h">
      <Filter>Header Files</Filter>
    </ClInclude>
    <ClInclude Include="F:\ExcessiveTeam-master\Engine\GraphicsEngine_RasterZsiros\Core\src\ITransformable3D.h">
      <Filter>Header Files</Filter>
    </ClInclude>
    <ClInclude Include="F:\ExcessiveTeam-master\Engine\GraphicsEngine_RasterZsiros\Core\src\Level.h">
      <Filter>Header Files</Filter>
    </ClInclude>
    <ClInclude Include="F:\ExcessiveTeam-master\Engine\GraphicsEngine_RasterZsiros\Core\src\LogicEngine.h">
      <Filter>Header Files</Filter>
    </ClInclude>
    <ClInclude Include="F:\ExcessiveTeam-master\Engine\GraphicsEngine_RasterZsiros\Core\src\PipelineState.h">
      <Filter>Header Files</Filter>
    </ClInclude>
    <ClInclude Include="F:\ExcessiveTeam-master\Engine\GraphicsEngine_RasterZsiros\Core\src\ResourceProperty.h">
      <Filter>Header Files</Filter>
    </ClInclude>
    <ClInclude Include="F:\ExcessiveTeam-master\Engine\GraphicsEngine_RasterZsiros\Core\src\StrUtil.h">
      <Filter>Header Files</Filter>
    </ClInclude>
    <ClInclude Include="F:\ExcessiveTeam-master\Engine\GraphicsEngine_RasterZsiros\Core\src\TagParser.h">
      <Filter>Header Files</Filter>
    </ClInclude>
    <ClInclude Include="F:\ExcessiveTeam-master\Engine\GraphicsEngine_RasterZsiros\Core\src\Timer.h">
      <Filter>Header Files</Filter>
    </ClInclude>
    <ClInclude Include="F:\ExcessiveTeam-master\Engine\GraphicsEngine_RasterZsiros\Core\src\Transform3D.h">
      <Filter>Header Files</Filter>
    </ClInclude>
    <ClInclude Include="F:\ExcessiveTeam-master\Engine\GraphicsEngine_RasterZsiros\Core\src\Transformable.h">
      <Filter>Header Files</Filter>
    </ClInclude>
    <ClInclude Include="F:\ExcessiveTeam-master\Engine\GraphicsEngine_RasterZsiros\Core\src\VertexFormat.h">
      <Filter>Header Files</Filter>
    </ClInclude>
    <ClInclude Include="F:\ExcessiveTeam-master\Engine\GraphicsEngine_RasterZsiros\Core\src\algorithms\sort.h">
      <Filter>Header Files</Filter>
    </ClInclude>
    <ClInclude Include="F:\ExcessiveTeam-master\Engine\GraphicsEngine_RasterZsiros\Core\src\algorithms\statistics.h">
      <Filter>Header Files</Filter>
    </ClInclude>
    <ClInclude Include="F:\ExcessiveTeam-master\Engine\GraphicsEngine_RasterZsiros\Core\src\common.h">
      <Filter>Header Files</Filter>
    </ClInclude>
    <ClInclude Include="F:\ExcessiveTeam-master\Engine\GraphicsEngine_RasterZsiros\Core\src\lighting\lighting.h">
      <Filter>Header Files</Filter>
    </ClInclude>
    <ClInclude Include="F:\ExcessiveTeam-master\Engine\GraphicsEngine_RasterZsiros\Core\src\math\Matrix44.h">
      <Filter>Header Files</Filter>
    </ClInclude>
    <ClInclude Include="F:\ExcessiveTeam-master\Engine\GraphicsEngine_RasterZsiros\Core\src\math\Point.h">
      <Filter>Header Files</Filter>
    </ClInclude>
    <ClInclude Include="F:\ExcessiveTeam-master\Engine\GraphicsEngine_RasterZsiros\Core\src\math\Vec2.h">
      <Filter>Header Files</Filter>
    </ClInclude>
    <ClInclude Include="F:\ExcessiveTeam-master\Engine\GraphicsEngine_RasterZsiros\Core\src\math\Vec4.h">
      <Filter>Header Files</Filter>
    </ClInclude>
    <ClInclude Include="F:\ExcessiveTeam-master\Engine\GraphicsEngine_RasterZsiros\Core\src\math\color.h">
      <Filter>Header Files</Filter>
    </ClInclude>
    <ClInclude Include="F:\ExcessiveTeam-master\Engine\GraphicsEngine_RasterZsiros\Core\src\math\math_all.h">
      <Filter>Header Files</Filter>
    </ClInclude>
    <ClInclude Include="F:\ExcessiveTeam-master\Engine\GraphicsEngine_RasterZsiros\Core\src\math\quat.h">
      <Filter>Header Files</Filter>
    </ClInclude>
    <ClInclude Include="F:\ExcessiveTeam-master\Engine\GraphicsEngine_RasterZsiros\Core\src\math\vec3.h">
      <Filter>Header Files</Filter>
    </ClInclude>
    <ClInclude Include="F:\ExcessiveTeam-master\Engine\GraphicsEngine_RasterZsiros\Core\src\multithreading\ThreadPool.h">
      <Filter>Header Files</Filter>
    </ClInclude>
    <ClInclude Include="F:\ExcessiveTeam-master\Engine\GraphicsEngine_RasterZsiros\Core\src\multithreading\WorkerThread.h">
      <Filter>Header Files</Filter>
    </ClInclude>
    <ClInclude Include="F:\ExcessiveTeam-master\Engine\GraphicsEngine_RasterZsiros\Core\src\multithreading\spinlock.h">
      <Filter>Header Files</Filter>
    </ClInclude>
    <ClInclude Include="F:\ExcessiveTeam-master\Engine\GraphicsEngine_RasterZsiros\Core\src\shared_ptr.h">
      <Filter>Header Files</Filter>
    </ClInclude>
    <ClInclude Include="F:\ExcessiveTeam-master\Engine\GraphicsEngine_RasterZsiros\Core\src\storage\tree.h">
      <Filter>Header Files</Filter>
    </ClInclude>
    <ClInclude Include="F:\ExcessiveTeam-master\Engine\GraphicsEngine_RasterZsiros\Core\src\tipsify.h">
      <Filter>Header Files</Filter>
    </ClInclude>
    <ClInclude Include="F:\ExcessiveTeam-master\Engine\GraphicsEngine_RasterZsiros\Core\src\zsString.h">
      <Filter>Header Files</Filter>
    </ClInclude>
    <ClInclude Include="F:\ExcessiveTeam-master\Engine\GraphicsEngine_RasterZsiros\GraphicsApiD3D11\src\GraphicsApiD3D11.h">
      <Filter>Header Files</Filter>
    </ClInclude>
    <ClInclude Include="F:\ExcessiveTeam-master\Engine\GraphicsEngine_RasterZsiros\GraphicsApiD3D11\src\IndexBufferD3D11.h">
      <Filter>Header Files</Filter>
    </ClInclude>
    <ClInclude Include="F:\ExcessiveTeam-master\Engine\GraphicsEngine_RasterZsiros\GraphicsApiD3D11\src\ShaderProgramD3D11.h">
      <Filter>Header Files</Filter>
    </ClInclude>
    <ClInclude Include="F:\ExcessiveTeam-master\Engine\GraphicsEngine_RasterZsiros\GraphicsApiD3D11\src\Texture2DD3D11.h">
      <Filter>Header Files</Filter>
    </ClInclude>
    <ClInclude Include="F:\ExcessiveTeam-master\Engine\GraphicsEngine_RasterZsiros\GraphicsApiD3D11\src\VertexBufferD3D11.h">
      <Filter>Header Files</Filter>
    </ClInclude>
    <ClInclude Include="F:\ExcessiveTeam-master\Engine\GraphicsEngine_RasterZsiros\GraphicsEngineRaster\src\DeferredLightVolume.h">
      <Filter>Header Files</Filter>
    </ClInclude>
    <ClInclude Include="F:\ExcessiveTeam-master\Engine\GraphicsEngine_RasterZsiros\GraphicsEngineRaster\src\GraphicsEngine.h">
      <Filter>Header Files</Filter>
    </ClInclude>
    <ClInclude Include="F:\ExcessiveTeam-master\Engine\GraphicsEngine_RasterZsiros\GraphicsEngineRaster\src\GraphicsEntity.h">
      <Filter>Header Files</Filter>
    </ClInclude>
    <ClInclude Include="F:\ExcessiveTeam-master\Engine\GraphicsEngine_RasterZsiros\GraphicsEngineRaster\src\GraphicsLight.h">
      <Filter>Header Files</Filter>
    </ClInclude>
    <ClInclude Include="F:\ExcessiveTeam-master\Engine\GraphicsEngine_RasterZsiros\GraphicsEngineRaster\src\ShadowMap.h">
      <Filter>Header Files</Filter>
    </ClInclude>
    <ClInclude Include="F:\ExcessiveTeam-master\Engine\GraphicsEngine\Common.h">
      <Filter>Interfaces</Filter>
    </ClInclude>
    <ClInclude Include="F:\ExcessiveTeam-master\Engine\GraphicsEngine\IEntity.h">
      <Filter>Interfaces</Filter>
    </ClInclude>
    <ClInclude Include="F:\ExcessiveTeam-master\Engine\GraphicsEngine\IGraphicsEngine.h">
      <Filter>Interfaces</Filter>
    </ClInclude>
    <ClInclude Include="F:\ExcessiveTeam-master\Engine\GraphicsEngine\ILight.h">
      <Filter>Interfaces</Filter>
    </ClInclude>
    <ClInclude Include="F:\ExcessiveTeam-master\Engine\GraphicsEngine\IMaterial.h">
      <Filter>Interfaces</Filter>
    </ClInclude>
    <ClInclude Include="F:\ExcessiveTeam-master\Engine\GraphicsEngine\IMesh.h">
      <Filter>Interfaces</Filter>
    </ClInclude>
    <ClInclude Include="F:\ExcessiveTeam-master\Engine\GraphicsEngine\IScene.h">
      <Filter>Interfaces</Filter>
    </ClInclude>
    <ClInclude Include="F:\ExcessiveTeam-master\Engine\GraphicsEngine\ITexture.h">
      <Filter>Interfaces</Filter>
    </ClInclude>
  </ItemGroup>
  <ItemGroup>
    <None Include="F:\ExcessiveTeam-master\Engine\GraphicsEngine_RasterZsiros\CommonOS\Release_\CommonWin32.tlog\BscMake.command.1.tlog" />
    <None Include="F:\ExcessiveTeam-master\Engine\GraphicsEngine_RasterZsiros\CommonOS\Release_\CommonWin32.tlog\cl.command.1.tlog" />
    <None Include="F:\ExcessiveTeam-master\Engine\GraphicsEngine_RasterZsiros\CommonOS\Release_\CommonWin32.tlog\lib.command.1.tlog" />
    <None Include="F:\ExcessiveTeam-master\Engine\GraphicsEngine_RasterZsiros\Core\Release_\Core.tlog\BscMake.command.1.tlog" />
    <None Include="F:\ExcessiveTeam-master\Engine\GraphicsEngine_RasterZsiros\Core\Release_\Core.tlog\cl.command.1.tlog" />
    <None Include="F:\ExcessiveTeam-master\Engine\GraphicsEngine_RasterZsiros\Core\Release_\Core.tlog\lib.command.1.tlog" />
    <None Include="F:\ExcessiveTeam-master\Engine\GraphicsEngine_RasterZsiros\GraphicsApiD3D11\Release_\GraphicsApiD3D11.tlog\BscMake.command.1.tlog" />
    <None Include="F:\ExcessiveTeam-master\Engine\GraphicsEngine_RasterZsiros\GraphicsApiD3D11\Release_\GraphicsApiD3D11.tlog\cl.command.1.tlog" />
    <None Include="F:\ExcessiveTeam-master\Engine\GraphicsEngine_RasterZsiros\GraphicsApiD3D11\Release_\GraphicsApiD3D11.tlog\link.command.1.tlog" />
    <None Include="F:\ExcessiveTeam-master\Engine\GraphicsEngine_RasterZsiros\GraphicsEngineRaster\Release_\Graphics.593438BA.tlog\BscMake.command.1.tlog" />
    <None Include="F:\ExcessiveTeam-master\Engine\GraphicsEngine_RasterZsiros\GraphicsEngineRaster\Release_\Graphics.593438BA.tlog\cl.command.1.tlog" />
    <None Include="F:\ExcessiveTeam-master\Engine\GraphicsEngine_RasterZsiros\GraphicsEngineRaster\Release_\Graphics.593438BA.tlog\link.command.1.tlog" />
  </ItemGroup>
  <ItemGroup>
    <Filter Include="Source Files">
      <UniqueIdentifier>{ECD885FA-5A12-3EA4-B971-22F22BB32701}</UniqueIdentifier>
    </Filter>
    <Filter Include="Header Files">
      <UniqueIdentifier>{56F76F62-91D4-3B67-B23B-D1160F9FD745}</UniqueIdentifier>
    </Filter>
    <Filter Include="Interfaces">
      <UniqueIdentifier>{3CB996A5-4D21-3DEC-B834-077E120727C8}</UniqueIdentifier>
    </Filter>
  </ItemGroup>
</Project>