<?xml version="1.0" encoding="utf-8"?>
<Project ToolsVersion="4.0" xmlns="http://schemas.microsoft.com/developer/msbuild/2003">
  <ItemGroup>
    <ClInclude Include="src\math\color.h">
      <Filter>Common\math</Filter>
    </ClInclude>
    <ClInclude Include="src\math\Matrix44.h">
      <Filter>Common\math</Filter>
    </ClInclude>
    <ClInclude Include="src\math\quat.h">
      <Filter>Common\math</Filter>
    </ClInclude>
    <ClInclude Include="src\math\Point.h">
      <Filter>Common\math</Filter>
    </ClInclude>
    <ClInclude Include="src\math\Vec2.h">
      <Filter>Common\math</Filter>
    </ClInclude>
    <ClInclude Include="src\math\vec3.h">
      <Filter>Common\math</Filter>
    </ClInclude>
    <ClInclude Include="src\memory\fixed_size_pool.h">
      <Filter>Common\memory</Filter>
    </ClInclude>
    <ClInclude Include="src\memory\tlsf.h">
      <Filter>Common\memory</Filter>
    </ClInclude>
    <ClInclude Include="src\algorithms\sort.h">
      <Filter>Common\algorithms</Filter>
    </ClInclude>
    <ClInclude Include="src\algorithms\statistics.h">
      <Filter>Common\algorithms</Filter>
    </ClInclude>
    <ClInclude Include="src\multithreading\spinlock.h">
      <Filter>Common\multithreading</Filter>
    </ClInclude>
    <ClInclude Include="src\storage\tree.h">
      <Filter>Common\storage</Filter>
    </ClInclude>
    <ClInclude Include="src\math\math_all.h">
      <Filter>Common\math</Filter>
    </ClInclude>
    <ClInclude Include="src\math\Vec4.h">
      <Filter>Common\math</Filter>
    </ClInclude>
    <ClInclude Include="src\common.h">
      <Filter>Common</Filter>
    </ClInclude>
    <ClInclude Include="src\zsString.h">
      <Filter>Common\string</Filter>
    </ClInclude>
    <ClInclude Include="src\Exception.h" />
    <ClInclude Include="src\Factory.h" />
    <ClInclude Include="src\Game.h">
      <Filter>Game</Filter>
    </ClInclude>
    <ClInclude Include="src\Level.h">
      <Filter>Game</Filter>
    </ClInclude>
    <ClInclude Include="src\Core.h" />
    <ClInclude Include="src\Timer.h" />
    <ClInclude Include="src\Renderer.h" />
    <ClInclude Include="src\Camera.h" />
    <ClInclude Include="src\ResourceProperty.h">
      <Filter>M_GraphicsApi</Filter>
    </ClInclude>
    <ClInclude Include="src\IGraphicsApi.h">
      <Filter>M_GraphicsApi</Filter>
    </ClInclude>
    <ClInclude Include="src\IIndexBuffer.h">
      <Filter>M_GraphicsApi</Filter>
    </ClInclude>
    <ClInclude Include="src\IShaderProgram.h">
      <Filter>M_GraphicsApi</Filter>
    </ClInclude>
    <ClInclude Include="src\ITexture2D.h">
      <Filter>M_GraphicsApi</Filter>
    </ClInclude>
    <ClInclude Include="src\IVertexBuffer.h">
      <Filter>M_GraphicsApi</Filter>
    </ClInclude>
    <ClInclude Include="src\IGraphicsEngine.h">
      <Filter>M_GraphicsEngine</Filter>
    </ClInclude>
    <ClInclude Include="src\IPhysicsEntity.h">
      <Filter>M_PhysicsEngine</Filter>
    </ClInclude>
    <ClInclude Include="src\IPhysicsEngine.h">
      <Filter>M_PhysicsEngine</Filter>
    </ClInclude>
    <ClInclude Include="src\INetworkEngine.h">
      <Filter>M_NetworkEngine</Filter>
    </ClInclude>
    <ClInclude Include="src\ISoundEngine.h">
      <Filter>M_SoundEngine</Filter>
    </ClInclude>
    <ClInclude Include="src\GeometryBuilder.h">
      <Filter>M_GraphicsEngine\Classes</Filter>
    </ClInclude>
    <ClInclude Include="src\shared_ptr.h">
      <Filter>Common\memory</Filter>
    </ClInclude>
    <ClInclude Include="src\tipsify.h">
      <Filter>M_GraphicsEngine\Classes</Filter>
    </ClInclude>
    <ClInclude Include="src\ITransformable3D.h">
      <Filter>Common\Interface</Filter>
    </ClInclude>
    <ClInclude Include="src\IDLLLoader.h">
      <Filter>Common\Interface</Filter>
    </ClInclude>
    <ClInclude Include="src\ILog.h">
      <Filter>Common\Interface</Filter>
    </ClInclude>
    <ClInclude Include="src\IWindow.h">
      <Filter>Common\Interface</Filter>
    </ClInclude>
    <ClInclude Include="src\Transform3D.h" />
    <ClInclude Include="src\Entity.h">
      <Filter>Game</Filter>
    </ClInclude>
    <ClInclude Include="src\LogicEngine.h">
      <Filter>M_LogicEngine</Filter>
    </ClInclude>
    <ClInclude Include="src\GapiResult.h">
      <Filter>M_GraphicsApi</Filter>
    </ClInclude>
    <ClInclude Include="src\TagParser.h">
      <Filter>Common</Filter>
    </ClInclude>
    <ClInclude Include="src\DynamicLibrary.h">
      <Filter>Common\Interface</Filter>
    </ClInclude>
    <ClInclude Include="src\GAPI.h">
      <Filter>M_GraphicsApi</Filter>
    </ClInclude>
    <ClInclude Include="src\CreateGAPI.h">
      <Filter>M_GraphicsApi</Filter>
    </ClInclude>
    <ClInclude Include="src\CreateGraphicsEngine.h">
      <Filter>M_GraphicsEngine</Filter>
    </ClInclude>
    <ClInclude Include="src\PipelineState.h">
      <Filter>M_GraphicsApi</Filter>
    </ClInclude>
    <ClInclude Include="src\StrUtil.h">
      <Filter>Common</Filter>
    </ClInclude>
    <ClInclude Include="src\StrUtil.h">
      <Filter>Common</Filter>
    </ClInclude>
    <ClInclude Include="src\FileUtil.h" />
    <ClInclude Include="src\Transformable.h" />
    <ClInclude Include="src\lighting\lighting.h">
      <Filter>Common\lighting</Filter>
    </ClInclude>
    <ClInclude Include="src\CgShaderHelper.h" />
    <ClInclude Include="src\IGeometryBuilder.h">
      <Filter>M_GraphicsEngine</Filter>
    </ClInclude>
    <ClInclude Include="src\multithreading\WorkerThread.h">
      <Filter>Common\multithreading</Filter>
    </ClInclude>
    <ClInclude Include="src\multithreading\ThreadPool.h">
      <Filter>Common\multithreading</Filter>
    </ClInclude>
    <ClInclude Include="src\IGraphicsEntity.h">
      <Filter>M_GraphicsEngine</Filter>
    </ClInclude>
    <ClInclude Include="src\IGraphicsLight.h">
      <Filter>M_GraphicsEngine</Filter>
    </ClInclude>
    <ClInclude Include="src\VertexFormat.h">
      <Filter>M_GraphicsApi</Filter>
    </ClInclude>
  </ItemGroup>
  <ItemGroup>
    <ClCompile Include="src\math\color.cpp">
      <Filter>Common\math</Filter>
    </ClCompile>
    <ClCompile Include="src\math\Matrix44.cpp">
      <Filter>Common\math</Filter>
    </ClCompile>
    <ClCompile Include="src\math\quat.cpp">
      <Filter>Common\math</Filter>
    </ClCompile>
    <ClCompile Include="src\math\Point.cpp">
      <Filter>Common\math</Filter>
    </ClCompile>
    <ClCompile Include="src\math\Vec2.cpp">
      <Filter>Common\math</Filter>
    </ClCompile>
    <ClCompile Include="src\math\vec3.cpp">
      <Filter>Common\math</Filter>
    </ClCompile>
    <ClCompile Include="src\memory\tlsf.cpp">
      <Filter>Common\memory</Filter>
    </ClCompile>
    <ClCompile Include="src\multithreading\spinlock.cpp">
      <Filter>Common\multithreading</Filter>
    </ClCompile>
    <ClCompile Include="src\math\Vec4.cpp">
      <Filter>Common\math</Filter>
    </ClCompile>
    <ClCompile Include="src\zsString.cpp">
      <Filter>Common\string</Filter>
    </ClCompile>
    <ClCompile Include="src\Exception.cpp" />
    <ClCompile Include="src\Factory.cpp" />
    <ClCompile Include="src\Game.cpp">
      <Filter>Game</Filter>
    </ClCompile>
    <ClCompile Include="src\Level.cpp">
      <Filter>Game</Filter>
    </ClCompile>
    <ClCompile Include="src\Core.cpp" />
    <ClCompile Include="src\Timer.cpp" />
    <ClCompile Include="src\Renderer.cpp" />
    <ClCompile Include="src\ITransformable3D.cpp" />
    <ClCompile Include="src\Camera.cpp" />
    <ClCompile Include="src\GeometryBuilder.cpp">
      <Filter>M_GraphicsEngine\Classes</Filter>
    </ClCompile>
    <ClCompile Include="src\IDLLLoader.cpp">
      <Filter>Common\Interface</Filter>
    </ClCompile>
    <ClCompile Include="src\ILog.cpp">
      <Filter>Common\Interface</Filter>
    </ClCompile>
    <ClCompile Include="src\IWindow.cpp">
      <Filter>Common\Interface</Filter>
    </ClCompile>
    <ClCompile Include="src\Transform3D.cpp" />
    <ClCompile Include="src\Entity.cpp">
      <Filter>Game</Filter>
    </ClCompile>
    <ClCompile Include="src\LogicEngine.cpp">
      <Filter>M_LogicEngine</Filter>
    </ClCompile>
    <ClCompile Include="src\TagParser.cpp">
      <Filter>Common</Filter>
    </ClCompile>
    <ClCompile Include="src\CreateGAPI.cpp">
      <Filter>M_GraphicsApi</Filter>
    </ClCompile>
    <ClCompile Include="src\CreateGraphicsEngine.cpp">
      <Filter>M_GraphicsEngine</Filter>
    </ClCompile>
    <ClCompile Include="src\common.cpp">
      <Filter>Common</Filter>
    </ClCompile>
    <ClCompile Include="src\StrUtil.cpp">
      <Filter>Common</Filter>
    </ClCompile>
    <ClCompile Include="src\FileUtil.cpp">
      <Filter>Common</Filter>
    </ClCompile>
    <ClCompile Include="src\CgShaderHelper.cpp" />
    <ClCompile Include="src\lighting\lighting.cpp">
      <Filter>Common\lighting</Filter>
    </ClCompile>
    <ClCompile Include="src\tipsify.cpp">
      <Filter>M_GraphicsEngine\Classes</Filter>
    </ClCompile>
    <ClCompile Include="src\multithreading\WorkerThread.cpp">
      <Filter>Common\multithreading</Filter>
    </ClCompile>
    <ClCompile Include="src\multithreading\ThreadPool.cpp">
      <Filter>Common\multithreading</Filter>
    </ClCompile>
  </ItemGroup>
  <ItemGroup>
    <Filter Include="Game">
      <UniqueIdentifier>{51d87b20-2ddf-4b46-8c17-90fe40718315}</UniqueIdentifier>
    </Filter>
    <Filter Include="Common">
      <UniqueIdentifier>{0a107637-8623-40da-a225-34f2b352d644}</UniqueIdentifier>
    </Filter>
    <Filter Include="Common\string">
      <UniqueIdentifier>{a5589084-5a8f-40d5-b088-c90189345a87}</UniqueIdentifier>
    </Filter>
    <Filter Include="Common\algorithms">
      <UniqueIdentifier>{e60d03de-43ca-4117-be5b-60fab8dc047c}</UniqueIdentifier>
    </Filter>
    <Filter Include="Common\math">
      <UniqueIdentifier>{e92594c2-1ebe-4666-9589-58cc502e5b68}</UniqueIdentifier>
    </Filter>
    <Filter Include="Common\memory">
      <UniqueIdentifier>{41a2be35-5eea-4aca-8f18-76b9e38e5f1d}</UniqueIdentifier>
    </Filter>
    <Filter Include="Common\multithreading">
      <UniqueIdentifier>{ce6411df-f9b2-4565-96a1-fadcd5153a7e}</UniqueIdentifier>
    </Filter>
    <Filter Include="Common\storage">
      <UniqueIdentifier>{d62d650c-43dd-4e25-92ab-d29a4b57c16f}</UniqueIdentifier>
    </Filter>
    <Filter Include="Common\Interface">
      <UniqueIdentifier>{34d472b2-a990-4467-9293-acb87007e81c}</UniqueIdentifier>
    </Filter>
    <Filter Include="M_GraphicsApi">
      <UniqueIdentifier>{e15c2704-6b96-46dd-ad8d-3348195d3bd5}</UniqueIdentifier>
    </Filter>
    <Filter Include="M_GraphicsEngine">
      <UniqueIdentifier>{c5efdac4-6af5-474c-ac67-904dbc8f62b6}</UniqueIdentifier>
    </Filter>
    <Filter Include="M_GraphicsEngine\Classes">
      <UniqueIdentifier>{b456ff72-da4f-45e9-b5f4-db9a1841e6c9}</UniqueIdentifier>
    </Filter>
    <Filter Include="M_PhysicsEngine">
      <UniqueIdentifier>{0b0e3782-3675-4733-b706-115ee187fac1}</UniqueIdentifier>
    </Filter>
    <Filter Include="M_NetworkEngine">
      <UniqueIdentifier>{d5fae35e-469f-4e5b-a51c-5c1f6ef59b42}</UniqueIdentifier>
    </Filter>
    <Filter Include="M_SoundEngine">
      <UniqueIdentifier>{dfd6070d-97ea-43d8-9865-806fa59dc7d0}</UniqueIdentifier>
    </Filter>
    <Filter Include="M_LogicEngine">
      <UniqueIdentifier>{a5ee9273-3cbe-4848-bff9-522cf4e5cd9a}</UniqueIdentifier>
    </Filter>
    <Filter Include="Common\lighting">
      <UniqueIdentifier>{ce40561e-acdd-4f2b-958d-d5c5f273cb07}</UniqueIdentifier>
    </Filter>
  </ItemGroup>
</Project>