Microsoft Visual Studio Solution File, Format Version 12.00
# Visual Studio 14
VisualStudioVersion = 14.0.25420.1
MinimumVisualStudioVersion = 10.0.40219.1
Project("{8BC9CEB8-8B4A-11D0-8D11-00A0C91BC942}") = "BaseLibrary", "Engine\BaseLibrary\BaseLibrary.vcxproj", "{DBD9DD58-E72E-32AE-9CF4-FE060311B0C9}"
EndProject
Project("{8BC9CEB8-8B4A-11D0-8D11-00A0C91BC942}") = "Core", "Engine\Core\Core.vcxproj", "{2BD4E687-702F-31A8-8E8F-1609BCA2EC1F}"
	ProjectSection(ProjectDependencies) = postProject
		{D1C82501-38B6-35EE-BC11-828AC5BDD53C} = {D1C82501-38B6-35EE-BC11-828AC5BDD53C}
		{17A96514-4D77-4ABB-BA07-466EA121BFCB} = {17A96514-4D77-4ABB-BA07-466EA121BFCB}
		{9EAF3D34-B87A-3FB0-B55E-95596D335D85} = {9EAF3D34-B87A-3FB0-B55E-95596D335D85}
		{C057FC38-24F5-375E-B91F-BDAE09BEE944} = {C057FC38-24F5-375E-B91F-BDAE09BEE944}
		{DBD9DD58-E72E-32AE-9CF4-FE060311B0C9} = {DBD9DD58-E72E-32AE-9CF4-FE060311B0C9}
		{4EA610D7-1297-3992-9F74-13FC439340D6} = {4EA610D7-1297-3992-9F74-13FC439340D6}
	EndProjectSection
EndProject
Project("{8BC9CEB8-8B4A-11D0-8D11-00A0C91BC942}") = "Excessive-Strike", "Games\Excessive-Strike\Excessive-Strike.vcxproj", "{99AC5050-AC21-35C9-9E0A-1C4B0AFCDA9D}"
	ProjectSection(ProjectDependencies) = postProject
		{2BD4E687-702F-31A8-8E8F-1609BCA2EC1F} = {2BD4E687-702F-31A8-8E8F-1609BCA2EC1F}
	EndProjectSection
EndProject
Project("{8BC9CEB8-8B4A-11D0-8D11-00A0C91BC942}") = "PlatformLibrary", "Engine\PlatformLibrary\PlatformLibrary.vcxproj", "{B3A6A864-E1B2-3EF0-B702-EC5579C01F91}"
EndProject
Project("{8BC9CEB8-8B4A-11D0-8D11-00A0C91BC942}") = "Editor", "Editor\Editor.vcxproj", "{36B94150-D107-4B3B-9B64-F3B16745EB29}"
	ProjectSection(ProjectDependencies) = postProject
		{2BD4E687-702F-31A8-8E8F-1609BCA2EC1F} = {2BD4E687-702F-31A8-8E8F-1609BCA2EC1F}
	EndProjectSection
EndProject
Project("{8BC9CEB8-8B4A-11D0-8D11-00A0C91BC942}") = "GraphicsEngine_RasterZsiros", "Engine\GraphicsEngine\RasterZsiros\GraphicsEngine_RasterZsiros.vcxproj", "{D1C82501-38B6-35EE-BC11-828AC5BDD53C}"
EndProject
Project("{8BC9CEB8-8B4A-11D0-8D11-00A0C91BC942}") = "GuiEngine_Zsiros", "Engine\GuiEngine\Zsiros\GuiEngine_Zsiros.vcxproj", "{17A96514-4D77-4ABB-BA07-466EA121BFCB}"
EndProject
Project("{8BC9CEB8-8B4A-11D0-8D11-00A0C91BC942}") = "NetworkEngine_Raknet", "Engine\NetworkEngine\Raknet\NetworkEngine_Raknet.vcxproj", "{C057FC38-24F5-375E-B91F-BDAE09BEE944}"
EndProject
Project("{8BC9CEB8-8B4A-11D0-8D11-00A0C91BC942}") = "SoundEngine_SFML", "Engine\SoundEngine\SFML\SoundEngine_SFML.vcxproj", "{9EAF3D34-B87A-3FB0-B55E-95596D335D85}"
EndProject
Project("{8BC9CEB8-8B4A-11D0-8D11-00A0C91BC942}") = "PhysicsEngine_Bullet", "Engine\PhysicsEngine\Bullet\PhysicsEngine_Bullet.vcxproj", "{4EA610D7-1297-3992-9F74-13FC439340D6}"
EndProject
Project("{8BC9CEB8-8B4A-11D0-8D11-00A0C91BC942}") = "GraphicsEngine_Raster", "Engine\GraphicsEngine\Raster\GraphicsEngine_Raster.vcxproj", "{9F8CA66F-AA4E-3FEB-9B74-3D7C834FB358}"
EndProject
Global
	GlobalSection(SolutionConfigurationPlatforms) = preSolution
		Debug|x64 = Debug|x64
		Debug|x86 = Debug|x86
		PerfDebug|x64 = PerfDebug|x64
		PerfDebug|x86 = PerfDebug|x86
		Release|x64 = Release|x64
		Release|x86 = Release|x86
	EndGlobalSection
	GlobalSection(ProjectConfigurationPlatforms) = postSolution
		{DBD9DD58-E72E-32AE-9CF4-FE060311B0C9}.Debug|x64.ActiveCfg = Debug|x64
		{DBD9DD58-E72E-32AE-9CF4-FE060311B0C9}.Debug|x64.Build.0 = Debug|x64
		{DBD9DD58-E72E-32AE-9CF4-FE060311B0C9}.Debug|x86.ActiveCfg = Debug|x64
		{DBD9DD58-E72E-32AE-9CF4-FE060311B0C9}.PerfDebug|x64.ActiveCfg = PerfDebug|x64
		{DBD9DD58-E72E-32AE-9CF4-FE060311B0C9}.PerfDebug|x64.Build.0 = PerfDebug|x64
		{DBD9DD58-E72E-32AE-9CF4-FE060311B0C9}.PerfDebug|x86.ActiveCfg = PerfDebug|x64
		{DBD9DD58-E72E-32AE-9CF4-FE060311B0C9}.Release|x64.ActiveCfg = Release|x64
		{DBD9DD58-E72E-32AE-9CF4-FE060311B0C9}.Release|x64.Build.0 = Release|x64
		{DBD9DD58-E72E-32AE-9CF4-FE060311B0C9}.Release|x86.ActiveCfg = Release|x64
		{2BD4E687-702F-31A8-8E8F-1609BCA2EC1F}.Debug|x64.ActiveCfg = Debug|x64
		{2BD4E687-702F-31A8-8E8F-1609BCA2EC1F}.Debug|x64.Build.0 = Debug|x64
		{2BD4E687-702F-31A8-8E8F-1609BCA2EC1F}.Debug|x86.ActiveCfg = Debug|x64
		{2BD4E687-702F-31A8-8E8F-1609BCA2EC1F}.PerfDebug|x64.ActiveCfg = PerfDebug|x64
		{2BD4E687-702F-31A8-8E8F-1609BCA2EC1F}.PerfDebug|x64.Build.0 = PerfDebug|x64
		{2BD4E687-702F-31A8-8E8F-1609BCA2EC1F}.PerfDebug|x86.ActiveCfg = PerfDebug|x64
		{2BD4E687-702F-31A8-8E8F-1609BCA2EC1F}.Release|x64.ActiveCfg = Release|x64
		{2BD4E687-702F-31A8-8E8F-1609BCA2EC1F}.Release|x64.Build.0 = Release|x64
		{2BD4E687-702F-31A8-8E8F-1609BCA2EC1F}.Release|x86.ActiveCfg = Release|x64
		{99AC5050-AC21-35C9-9E0A-1C4B0AFCDA9D}.Debug|x64.ActiveCfg = Debug|x64
		{99AC5050-AC21-35C9-9E0A-1C4B0AFCDA9D}.Debug|x64.Build.0 = Debug|x64
		{99AC5050-AC21-35C9-9E0A-1C4B0AFCDA9D}.Debug|x86.ActiveCfg = Debug|x64
		{99AC5050-AC21-35C9-9E0A-1C4B0AFCDA9D}.PerfDebug|x64.ActiveCfg = PerfDebug|x64
		{99AC5050-AC21-35C9-9E0A-1C4B0AFCDA9D}.PerfDebug|x64.Build.0 = PerfDebug|x64
		{99AC5050-AC21-35C9-9E0A-1C4B0AFCDA9D}.PerfDebug|x86.ActiveCfg = PerfDebug|x64
		{99AC5050-AC21-35C9-9E0A-1C4B0AFCDA9D}.Release|x64.ActiveCfg = Release|x64
		{99AC5050-AC21-35C9-9E0A-1C4B0AFCDA9D}.Release|x64.Build.0 = Release|x64
		{99AC5050-AC21-35C9-9E0A-1C4B0AFCDA9D}.Release|x86.ActiveCfg = Release|x64
		{B3A6A864-E1B2-3EF0-B702-EC5579C01F91}.Debug|x64.ActiveCfg = Debug|x64
		{B3A6A864-E1B2-3EF0-B702-EC5579C01F91}.Debug|x64.Build.0 = Debug|x64
		{B3A6A864-E1B2-3EF0-B702-EC5579C01F91}.Debug|x86.ActiveCfg = Debug|x64
		{B3A6A864-E1B2-3EF0-B702-EC5579C01F91}.PerfDebug|x64.ActiveCfg = PerfDebug|x64
		{B3A6A864-E1B2-3EF0-B702-EC5579C01F91}.PerfDebug|x64.Build.0 = PerfDebug|x64
		{B3A6A864-E1B2-3EF0-B702-EC5579C01F91}.PerfDebug|x86.ActiveCfg = PerfDebug|x64
		{B3A6A864-E1B2-3EF0-B702-EC5579C01F91}.Release|x64.ActiveCfg = Release|x64
		{B3A6A864-E1B2-3EF0-B702-EC5579C01F91}.Release|x64.Build.0 = Release|x64
		{B3A6A864-E1B2-3EF0-B702-EC5579C01F91}.Release|x86.ActiveCfg = Release|x64
		{36B94150-D107-4B3B-9B64-F3B16745EB29}.Debug|x64.ActiveCfg = Debug|x64
		{36B94150-D107-4B3B-9B64-F3B16745EB29}.Debug|x64.Build.0 = Debug|x64
		{36B94150-D107-4B3B-9B64-F3B16745EB29}.Debug|x86.ActiveCfg = Debug|Win32
		{36B94150-D107-4B3B-9B64-F3B16745EB29}.Debug|x86.Build.0 = Debug|Win32
		{36B94150-D107-4B3B-9B64-F3B16745EB29}.PerfDebug|x64.ActiveCfg = Debug|x64
		{36B94150-D107-4B3B-9B64-F3B16745EB29}.PerfDebug|x64.Build.0 = Debug|x64
		{36B94150-D107-4B3B-9B64-F3B16745EB29}.PerfDebug|x86.ActiveCfg = Debug|Win32
		{36B94150-D107-4B3B-9B64-F3B16745EB29}.PerfDebug|x86.Build.0 = Debug|Win32
		{36B94150-D107-4B3B-9B64-F3B16745EB29}.Release|x64.ActiveCfg = Release|x64
		{36B94150-D107-4B3B-9B64-F3B16745EB29}.Release|x64.Build.0 = Release|x64
		{36B94150-D107-4B3B-9B64-F3B16745EB29}.Release|x86.ActiveCfg = Release|Win32
		{36B94150-D107-4B3B-9B64-F3B16745EB29}.Release|x86.Build.0 = Release|Win32
		{D1C82501-38B6-35EE-BC11-828AC5BDD53C}.Debug|x64.ActiveCfg = Debug|x64
		{D1C82501-38B6-35EE-BC11-828AC5BDD53C}.Debug|x64.Build.0 = Debug|x64
		{D1C82501-38B6-35EE-BC11-828AC5BDD53C}.Debug|x86.ActiveCfg = Debug|x64
		{D1C82501-38B6-35EE-BC11-828AC5BDD53C}.PerfDebug|x64.ActiveCfg = PerfDebug|x64
		{D1C82501-38B6-35EE-BC11-828AC5BDD53C}.PerfDebug|x64.Build.0 = PerfDebug|x64
		{D1C82501-38B6-35EE-BC11-828AC5BDD53C}.PerfDebug|x86.ActiveCfg = PerfDebug|x64
		{D1C82501-38B6-35EE-BC11-828AC5BDD53C}.Release|x64.ActiveCfg = Release|x64
		{D1C82501-38B6-35EE-BC11-828AC5BDD53C}.Release|x64.Build.0 = Release|x64
		{D1C82501-38B6-35EE-BC11-828AC5BDD53C}.Release|x86.ActiveCfg = Release|x64
		{17A96514-4D77-4ABB-BA07-466EA121BFCB}.Debug|x64.ActiveCfg = Debug|x64
		{17A96514-4D77-4ABB-BA07-466EA121BFCB}.Debug|x64.Build.0 = Debug|x64
		{17A96514-4D77-4ABB-BA07-466EA121BFCB}.Debug|x86.ActiveCfg = Debug|Win32
		{17A96514-4D77-4ABB-BA07-466EA121BFCB}.Debug|x86.Build.0 = Debug|Win32
		{17A96514-4D77-4ABB-BA07-466EA121BFCB}.PerfDebug|x64.ActiveCfg = Debug|x64
		{17A96514-4D77-4ABB-BA07-466EA121BFCB}.PerfDebug|x64.Build.0 = Debug|x64
		{17A96514-4D77-4ABB-BA07-466EA121BFCB}.PerfDebug|x86.ActiveCfg = Debug|Win32
		{17A96514-4D77-4ABB-BA07-466EA121BFCB}.PerfDebug|x86.Build.0 = Debug|Win32
		{17A96514-4D77-4ABB-BA07-466EA121BFCB}.Release|x64.ActiveCfg = Release|x64
		{17A96514-4D77-4ABB-BA07-466EA121BFCB}.Release|x64.Build.0 = Release|x64
		{17A96514-4D77-4ABB-BA07-466EA121BFCB}.Release|x86.ActiveCfg = Release|Win32
		{17A96514-4D77-4ABB-BA07-466EA121BFCB}.Release|x86.Build.0 = Release|Win32
		{C057FC38-24F5-375E-B91F-BDAE09BEE944}.Debug|x64.ActiveCfg = Debug|x64
		{C057FC38-24F5-375E-B91F-BDAE09BEE944}.Debug|x64.Build.0 = Debug|x64
		{C057FC38-24F5-375E-B91F-BDAE09BEE944}.Debug|x86.ActiveCfg = Debug|x64
		{C057FC38-24F5-375E-B91F-BDAE09BEE944}.PerfDebug|x64.ActiveCfg = PerfDebug|x64
		{C057FC38-24F5-375E-B91F-BDAE09BEE944}.PerfDebug|x64.Build.0 = PerfDebug|x64
		{C057FC38-24F5-375E-B91F-BDAE09BEE944}.PerfDebug|x86.ActiveCfg = PerfDebug|x64
		{C057FC38-24F5-375E-B91F-BDAE09BEE944}.Release|x64.ActiveCfg = Release|x64
		{C057FC38-24F5-375E-B91F-BDAE09BEE944}.Release|x64.Build.0 = Release|x64
		{C057FC38-24F5-375E-B91F-BDAE09BEE944}.Release|x86.ActiveCfg = Release|x64
		{9EAF3D34-B87A-3FB0-B55E-95596D335D85}.Debug|x64.ActiveCfg = Debug|x64
		{9EAF3D34-B87A-3FB0-B55E-95596D335D85}.Debug|x64.Build.0 = Debug|x64
		{9EAF3D34-B87A-3FB0-B55E-95596D335D85}.Debug|x86.ActiveCfg = Debug|x64
		{9EAF3D34-B87A-3FB0-B55E-95596D335D85}.PerfDebug|x64.ActiveCfg = PerfDebug|x64
		{9EAF3D34-B87A-3FB0-B55E-95596D335D85}.PerfDebug|x64.Build.0 = PerfDebug|x64
		{9EAF3D34-B87A-3FB0-B55E-95596D335D85}.PerfDebug|x86.ActiveCfg = PerfDebug|x64
		{9EAF3D34-B87A-3FB0-B55E-95596D335D85}.Release|x64.ActiveCfg = Release|x64
		{9EAF3D34-B87A-3FB0-B55E-95596D335D85}.Release|x64.Build.0 = Release|x64
		{9EAF3D34-B87A-3FB0-B55E-95596D335D85}.Release|x86.ActiveCfg = Release|x64
		{4EA610D7-1297-3992-9F74-13FC439340D6}.Debug|x64.ActiveCfg = Debug|x64
		{4EA610D7-1297-3992-9F74-13FC439340D6}.Debug|x64.Build.0 = Debug|x64
		{4EA610D7-1297-3992-9F74-13FC439340D6}.Debug|x86.ActiveCfg = Debug|x64
		{4EA610D7-1297-3992-9F74-13FC439340D6}.PerfDebug|x64.ActiveCfg = PerfDebug|x64
		{4EA610D7-1297-3992-9F74-13FC439340D6}.PerfDebug|x64.Build.0 = PerfDebug|x64
		{4EA610D7-1297-3992-9F74-13FC439340D6}.PerfDebug|x86.ActiveCfg = PerfDebug|x64
		{4EA610D7-1297-3992-9F74-13FC439340D6}.Release|x64.ActiveCfg = Release|x64
		{4EA610D7-1297-3992-9F74-13FC439340D6}.Release|x64.Build.0 = Release|x64
		{4EA610D7-1297-3992-9F74-13FC439340D6}.Release|x86.ActiveCfg = Release|x64
		{9F8CA66F-AA4E-3FEB-9B74-3D7C834FB358}.Debug|x64.ActiveCfg = Debug|x64
		{9F8CA66F-AA4E-3FEB-9B74-3D7C834FB358}.Debug|x64.Build.0 = Debug|x64
		{9F8CA66F-AA4E-3FEB-9B74-3D7C834FB358}.Debug|x86.ActiveCfg = Debug|x64
		{9F8CA66F-AA4E-3FEB-9B74-3D7C834FB358}.PerfDebug|x64.ActiveCfg = PerfDebug|x64
		{9F8CA66F-AA4E-3FEB-9B74-3D7C834FB358}.PerfDebug|x64.Build.0 = PerfDebug|x64
		{9F8CA66F-AA4E-3FEB-9B74-3D7C834FB358}.PerfDebug|x86.ActiveCfg = PerfDebug|x64
		{9F8CA66F-AA4E-3FEB-9B74-3D7C834FB358}.Release|x64.ActiveCfg = Release|x64
		{9F8CA66F-AA4E-3FEB-9B74-3D7C834FB358}.Release|x64.Build.0 = Release|x64
		{9F8CA66F-AA4E-3FEB-9B74-3D7C834FB358}.Release|x86.ActiveCfg = Release|x64
	EndGlobalSection
	GlobalSection(SolutionProperties) = preSolution
		HideSolutionNode = FALSE
	EndGlobalSection
EndGlobal
