Microsoft Visual Studio Solution File, Format Version 12.00
# Visual Studio 14
VisualStudioVersion = 14.0.24720.0
MinimumVisualStudioVersion = 10.0.40219.1
Project("{8BC9CEB8-8B4A-11D0-8D11-00A0C91BC942}") = "BaseLibrary", "Engine\BaseLibrary\BaseLibrary.vcxproj", "{DBD9DD58-E72E-32AE-9CF4-FE060311B0C9}"
EndProject
Project("{8BC9CEB8-8B4A-11D0-8D11-00A0C91BC942}") = "Core", "Engine\Core\Core.vcxproj", "{2BD4E687-702F-31A8-8E8F-1609BCA2EC1F}"
	ProjectSection(ProjectDependencies) = postProject
		{3E6587D7-F1FA-371D-B982-0799A4A50807} = {3E6587D7-F1FA-371D-B982-0799A4A50807}
	EndProjectSection
EndProject
Project("{8BC9CEB8-8B4A-11D0-8D11-00A0C91BC942}") = "Excessive-Strike", "Games\Excessive-Strike\Excessive-Strike.vcxproj", "{99AC5050-AC21-35C9-9E0A-1C4B0AFCDA9D}"
	ProjectSection(ProjectDependencies) = postProject
		{2BD4E687-702F-31A8-8E8F-1609BCA2EC1F} = {2BD4E687-702F-31A8-8E8F-1609BCA2EC1F}
		{425520D7-9632-3882-A9A7-22A6B59E13D4} = {425520D7-9632-3882-A9A7-22A6B59E13D4}
		{9F8CA66F-AA4E-3FEB-9B74-3D7C834FB358} = {9F8CA66F-AA4E-3FEB-9B74-3D7C834FB358}
		{D1C82501-38B6-35EE-BC11-828AC5BDD53C} = {D1C82501-38B6-35EE-BC11-828AC5BDD53C}
		{C057FC38-24F5-375E-B91F-BDAE09BEE944} = {C057FC38-24F5-375E-B91F-BDAE09BEE944}
		{4EA610D7-1297-3992-9F74-13FC439340D6} = {4EA610D7-1297-3992-9F74-13FC439340D6}
		{B3A6A864-E1B2-3EF0-B702-EC5579C01F91} = {B3A6A864-E1B2-3EF0-B702-EC5579C01F91}
		{9EAF3D34-B87A-3FB0-B55E-95596D335D85} = {9EAF3D34-B87A-3FB0-B55E-95596D335D85}
		{09E1EC87-FE83-327F-B5BF-31BBC14DACBB} = {09E1EC87-FE83-327F-B5BF-31BBC14DACBB}
	EndProjectSection
EndProject
Project("{8BC9CEB8-8B4A-11D0-8D11-00A0C91BC942}") = "GraphicsApi_OpenGL", "Engine\GraphicsApi_OpenGL\GraphicsApi_OpenGL.vcxproj", "{425520D7-9632-3882-A9A7-22A6B59E13D4}"
	ProjectSection(ProjectDependencies) = postProject
		{B3A6A864-E1B2-3EF0-B702-EC5579C01F91} = {B3A6A864-E1B2-3EF0-B702-EC5579C01F91}
		{09E1EC87-FE83-327F-B5BF-31BBC14DACBB} = {09E1EC87-FE83-327F-B5BF-31BBC14DACBB}
	EndProjectSection
EndProject
Project("{8BC9CEB8-8B4A-11D0-8D11-00A0C91BC942}") = "GraphicsEngine_RT", "Engine\GraphicsEngine_RT\GraphicsEngine_RT.vcxproj", "{3E6587D7-F1FA-371D-B982-0799A4A50807}"
	ProjectSection(ProjectDependencies) = postProject
		{425520D7-9632-3882-A9A7-22A6B59E13D4} = {425520D7-9632-3882-A9A7-22A6B59E13D4}
		{9F8CA66F-AA4E-3FEB-9B74-3D7C834FB358} = {9F8CA66F-AA4E-3FEB-9B74-3D7C834FB358}
		{C057FC38-24F5-375E-B91F-BDAE09BEE944} = {C057FC38-24F5-375E-B91F-BDAE09BEE944}
		{4EA610D7-1297-3992-9F74-13FC439340D6} = {4EA610D7-1297-3992-9F74-13FC439340D6}
		{B3A6A864-E1B2-3EF0-B702-EC5579C01F91} = {B3A6A864-E1B2-3EF0-B702-EC5579C01F91}
		{9EAF3D34-B87A-3FB0-B55E-95596D335D85} = {9EAF3D34-B87A-3FB0-B55E-95596D335D85}
		{09E1EC87-FE83-327F-B5BF-31BBC14DACBB} = {09E1EC87-FE83-327F-B5BF-31BBC14DACBB}
	EndProjectSection
EndProject
Project("{8BC9CEB8-8B4A-11D0-8D11-00A0C91BC942}") = "GraphicsEngine_Raster", "Engine\GraphicsEngine_Raster\GraphicsEngine_Raster.vcxproj", "{9F8CA66F-AA4E-3FEB-9B74-3D7C834FB358}"
	ProjectSection(ProjectDependencies) = postProject
		{B3A6A864-E1B2-3EF0-B702-EC5579C01F91} = {B3A6A864-E1B2-3EF0-B702-EC5579C01F91}
		{09E1EC87-FE83-327F-B5BF-31BBC14DACBB} = {09E1EC87-FE83-327F-B5BF-31BBC14DACBB}
	EndProjectSection
EndProject
Project("{8BC9CEB8-8B4A-11D0-8D11-00A0C91BC942}") = "GraphicsEngine_RasterZsiros", "Engine\GraphicsEngine_RasterZsiros\GraphicsEngine_RasterZsiros.vcxproj", "{D1C82501-38B6-35EE-BC11-828AC5BDD53C}"
	ProjectSection(ProjectDependencies) = postProject
		{B3A6A864-E1B2-3EF0-B702-EC5579C01F91} = {B3A6A864-E1B2-3EF0-B702-EC5579C01F91}
		{09E1EC87-FE83-327F-B5BF-31BBC14DACBB} = {09E1EC87-FE83-327F-B5BF-31BBC14DACBB}
	EndProjectSection
EndProject
Project("{8BC9CEB8-8B4A-11D0-8D11-00A0C91BC942}") = "NetworkEngine_Raknet", "Engine\NetworkEngine_Raknet\NetworkEngine_Raknet.vcxproj", "{C057FC38-24F5-375E-B91F-BDAE09BEE944}"
	ProjectSection(ProjectDependencies) = postProject
		{B3A6A864-E1B2-3EF0-B702-EC5579C01F91} = {B3A6A864-E1B2-3EF0-B702-EC5579C01F91}
		{09E1EC87-FE83-327F-B5BF-31BBC14DACBB} = {09E1EC87-FE83-327F-B5BF-31BBC14DACBB}
	EndProjectSection
EndProject
Project("{8BC9CEB8-8B4A-11D0-8D11-00A0C91BC942}") = "PhysicsEngine_Bullet", "Engine\PhysicsEngine_Bullet\PhysicsEngine_Bullet.vcxproj", "{4EA610D7-1297-3992-9F74-13FC439340D6}"
	ProjectSection(ProjectDependencies) = postProject
		{B3A6A864-E1B2-3EF0-B702-EC5579C01F91} = {B3A6A864-E1B2-3EF0-B702-EC5579C01F91}
		{09E1EC87-FE83-327F-B5BF-31BBC14DACBB} = {09E1EC87-FE83-327F-B5BF-31BBC14DACBB}
	EndProjectSection
EndProject
Project("{8BC9CEB8-8B4A-11D0-8D11-00A0C91BC942}") = "PlatformLibrary", "Engine\PlatformLibrary\PlatformLibrary.vcxproj", "{B3A6A864-E1B2-3EF0-B702-EC5579C01F91}"
EndProject
Project("{8BC9CEB8-8B4A-11D0-8D11-00A0C91BC942}") = "SoundEngine_SFML", "Engine\SoundEngine_SFML\SoundEngine_SFML.vcxproj", "{9EAF3D34-B87A-3FB0-B55E-95596D335D85}"
	ProjectSection(ProjectDependencies) = postProject
		{B3A6A864-E1B2-3EF0-B702-EC5579C01F91} = {B3A6A864-E1B2-3EF0-B702-EC5579C01F91}
		{09E1EC87-FE83-327F-B5BF-31BBC14DACBB} = {09E1EC87-FE83-327F-B5BF-31BBC14DACBB}
	EndProjectSection
EndProject
Project("{8BC9CEB8-8B4A-11D0-8D11-00A0C91BC942}") = "SupportLibrary", "Engine\SupportLibrary\SupportLibrary.vcxproj", "{09E1EC87-FE83-327F-B5BF-31BBC14DACBB}"
EndProject
Project("{8BC9CEB8-8B4A-11D0-8D11-00A0C91BC942}") = "Test", "Games\Test\Test.vcxproj", "{5D76BC8B-1CD2-3B8E-9EA0-4D660B69851D}"
	ProjectSection(ProjectDependencies) = postProject
		{DBD9DD58-E72E-32AE-9CF4-FE060311B0C9} = {DBD9DD58-E72E-32AE-9CF4-FE060311B0C9}
		{2BD4E687-702F-31A8-8E8F-1609BCA2EC1F} = {2BD4E687-702F-31A8-8E8F-1609BCA2EC1F}
		{425520D7-9632-3882-A9A7-22A6B59E13D4} = {425520D7-9632-3882-A9A7-22A6B59E13D4}
		{9F8CA66F-AA4E-3FEB-9B74-3D7C834FB358} = {9F8CA66F-AA4E-3FEB-9B74-3D7C834FB358}
		{C057FC38-24F5-375E-B91F-BDAE09BEE944} = {C057FC38-24F5-375E-B91F-BDAE09BEE944}
		{4EA610D7-1297-3992-9F74-13FC439340D6} = {4EA610D7-1297-3992-9F74-13FC439340D6}
		{B3A6A864-E1B2-3EF0-B702-EC5579C01F91} = {B3A6A864-E1B2-3EF0-B702-EC5579C01F91}
		{9EAF3D34-B87A-3FB0-B55E-95596D335D85} = {9EAF3D34-B87A-3FB0-B55E-95596D335D85}
		{09E1EC87-FE83-327F-B5BF-31BBC14DACBB} = {09E1EC87-FE83-327F-B5BF-31BBC14DACBB}
	EndProjectSection
EndProject
Global
	GlobalSection(SolutionConfigurationPlatforms) = preSolution
		Debug|x64 = Debug|x64
		PerfDebug|x64 = PerfDebug|x64
		Release|x64 = Release|x64
	EndGlobalSection
	GlobalSection(ProjectConfigurationPlatforms) = postSolution
		{DBD9DD58-E72E-32AE-9CF4-FE060311B0C9}.Debug|x64.ActiveCfg = Debug|x64
		{DBD9DD58-E72E-32AE-9CF4-FE060311B0C9}.Debug|x64.Build.0 = Debug|x64
		{DBD9DD58-E72E-32AE-9CF4-FE060311B0C9}.PerfDebug|x64.ActiveCfg = PerfDebug|x64
		{DBD9DD58-E72E-32AE-9CF4-FE060311B0C9}.PerfDebug|x64.Build.0 = PerfDebug|x64
		{DBD9DD58-E72E-32AE-9CF4-FE060311B0C9}.Release|x64.ActiveCfg = Release|x64
		{DBD9DD58-E72E-32AE-9CF4-FE060311B0C9}.Release|x64.Build.0 = Release|x64
		{2BD4E687-702F-31A8-8E8F-1609BCA2EC1F}.Debug|x64.ActiveCfg = Debug|x64
		{2BD4E687-702F-31A8-8E8F-1609BCA2EC1F}.Debug|x64.Build.0 = Debug|x64
		{2BD4E687-702F-31A8-8E8F-1609BCA2EC1F}.PerfDebug|x64.ActiveCfg = PerfDebug|x64
		{2BD4E687-702F-31A8-8E8F-1609BCA2EC1F}.PerfDebug|x64.Build.0 = PerfDebug|x64
		{2BD4E687-702F-31A8-8E8F-1609BCA2EC1F}.Release|x64.ActiveCfg = Release|x64
		{2BD4E687-702F-31A8-8E8F-1609BCA2EC1F}.Release|x64.Build.0 = Release|x64
		{99AC5050-AC21-35C9-9E0A-1C4B0AFCDA9D}.Debug|x64.ActiveCfg = Debug|x64
		{99AC5050-AC21-35C9-9E0A-1C4B0AFCDA9D}.Debug|x64.Build.0 = Debug|x64
		{99AC5050-AC21-35C9-9E0A-1C4B0AFCDA9D}.PerfDebug|x64.ActiveCfg = PerfDebug|x64
		{99AC5050-AC21-35C9-9E0A-1C4B0AFCDA9D}.PerfDebug|x64.Build.0 = PerfDebug|x64
		{99AC5050-AC21-35C9-9E0A-1C4B0AFCDA9D}.Release|x64.ActiveCfg = Release|x64
		{99AC5050-AC21-35C9-9E0A-1C4B0AFCDA9D}.Release|x64.Build.0 = Release|x64
		{425520D7-9632-3882-A9A7-22A6B59E13D4}.Debug|x64.ActiveCfg = Debug|x64
		{425520D7-9632-3882-A9A7-22A6B59E13D4}.Debug|x64.Build.0 = Debug|x64
		{425520D7-9632-3882-A9A7-22A6B59E13D4}.PerfDebug|x64.ActiveCfg = PerfDebug|x64
		{425520D7-9632-3882-A9A7-22A6B59E13D4}.PerfDebug|x64.Build.0 = PerfDebug|x64
		{425520D7-9632-3882-A9A7-22A6B59E13D4}.Release|x64.ActiveCfg = Release|x64
		{425520D7-9632-3882-A9A7-22A6B59E13D4}.Release|x64.Build.0 = Release|x64
		{3E6587D7-F1FA-371D-B982-0799A4A50807}.Debug|x64.ActiveCfg = Debug|x64
		{3E6587D7-F1FA-371D-B982-0799A4A50807}.Debug|x64.Build.0 = Debug|x64
		{3E6587D7-F1FA-371D-B982-0799A4A50807}.PerfDebug|x64.ActiveCfg = PerfDebug|x64
		{3E6587D7-F1FA-371D-B982-0799A4A50807}.PerfDebug|x64.Build.0 = PerfDebug|x64
		{3E6587D7-F1FA-371D-B982-0799A4A50807}.Release|x64.ActiveCfg = Release|x64
		{3E6587D7-F1FA-371D-B982-0799A4A50807}.Release|x64.Build.0 = Release|x64
		{9F8CA66F-AA4E-3FEB-9B74-3D7C834FB358}.Debug|x64.ActiveCfg = Debug|x64
		{9F8CA66F-AA4E-3FEB-9B74-3D7C834FB358}.Debug|x64.Build.0 = Debug|x64
		{9F8CA66F-AA4E-3FEB-9B74-3D7C834FB358}.PerfDebug|x64.ActiveCfg = PerfDebug|x64
		{9F8CA66F-AA4E-3FEB-9B74-3D7C834FB358}.PerfDebug|x64.Build.0 = PerfDebug|x64
		{9F8CA66F-AA4E-3FEB-9B74-3D7C834FB358}.Release|x64.ActiveCfg = Release|x64
		{9F8CA66F-AA4E-3FEB-9B74-3D7C834FB358}.Release|x64.Build.0 = Release|x64
		{D1C82501-38B6-35EE-BC11-828AC5BDD53C}.Debug|x64.ActiveCfg = Debug|x64
		{D1C82501-38B6-35EE-BC11-828AC5BDD53C}.Debug|x64.Build.0 = Debug|x64
		{D1C82501-38B6-35EE-BC11-828AC5BDD53C}.PerfDebug|x64.ActiveCfg = PerfDebug|x64
		{D1C82501-38B6-35EE-BC11-828AC5BDD53C}.PerfDebug|x64.Build.0 = PerfDebug|x64
		{D1C82501-38B6-35EE-BC11-828AC5BDD53C}.Release|x64.ActiveCfg = Release|x64
		{D1C82501-38B6-35EE-BC11-828AC5BDD53C}.Release|x64.Build.0 = Release|x64
		{C057FC38-24F5-375E-B91F-BDAE09BEE944}.Debug|x64.ActiveCfg = Debug|x64
		{C057FC38-24F5-375E-B91F-BDAE09BEE944}.Debug|x64.Build.0 = Debug|x64
		{C057FC38-24F5-375E-B91F-BDAE09BEE944}.PerfDebug|x64.ActiveCfg = PerfDebug|x64
		{C057FC38-24F5-375E-B91F-BDAE09BEE944}.PerfDebug|x64.Build.0 = PerfDebug|x64
		{C057FC38-24F5-375E-B91F-BDAE09BEE944}.Release|x64.ActiveCfg = Release|x64
		{C057FC38-24F5-375E-B91F-BDAE09BEE944}.Release|x64.Build.0 = Release|x64
		{4EA610D7-1297-3992-9F74-13FC439340D6}.Debug|x64.ActiveCfg = Debug|x64
		{4EA610D7-1297-3992-9F74-13FC439340D6}.Debug|x64.Build.0 = Debug|x64
		{4EA610D7-1297-3992-9F74-13FC439340D6}.PerfDebug|x64.ActiveCfg = PerfDebug|x64
		{4EA610D7-1297-3992-9F74-13FC439340D6}.PerfDebug|x64.Build.0 = PerfDebug|x64
		{4EA610D7-1297-3992-9F74-13FC439340D6}.Release|x64.ActiveCfg = Release|x64
		{4EA610D7-1297-3992-9F74-13FC439340D6}.Release|x64.Build.0 = Release|x64
		{B3A6A864-E1B2-3EF0-B702-EC5579C01F91}.Debug|x64.ActiveCfg = Debug|x64
		{B3A6A864-E1B2-3EF0-B702-EC5579C01F91}.Debug|x64.Build.0 = Debug|x64
		{B3A6A864-E1B2-3EF0-B702-EC5579C01F91}.PerfDebug|x64.ActiveCfg = PerfDebug|x64
		{B3A6A864-E1B2-3EF0-B702-EC5579C01F91}.PerfDebug|x64.Build.0 = PerfDebug|x64
		{B3A6A864-E1B2-3EF0-B702-EC5579C01F91}.Release|x64.ActiveCfg = Release|x64
		{B3A6A864-E1B2-3EF0-B702-EC5579C01F91}.Release|x64.Build.0 = Release|x64
		{9EAF3D34-B87A-3FB0-B55E-95596D335D85}.Debug|x64.ActiveCfg = Debug|x64
		{9EAF3D34-B87A-3FB0-B55E-95596D335D85}.Debug|x64.Build.0 = Debug|x64
		{9EAF3D34-B87A-3FB0-B55E-95596D335D85}.PerfDebug|x64.ActiveCfg = PerfDebug|x64
		{9EAF3D34-B87A-3FB0-B55E-95596D335D85}.PerfDebug|x64.Build.0 = PerfDebug|x64
		{9EAF3D34-B87A-3FB0-B55E-95596D335D85}.Release|x64.ActiveCfg = Release|x64
		{9EAF3D34-B87A-3FB0-B55E-95596D335D85}.Release|x64.Build.0 = Release|x64
		{09E1EC87-FE83-327F-B5BF-31BBC14DACBB}.Debug|x64.ActiveCfg = Debug|x64
		{09E1EC87-FE83-327F-B5BF-31BBC14DACBB}.Debug|x64.Build.0 = Debug|x64
		{09E1EC87-FE83-327F-B5BF-31BBC14DACBB}.PerfDebug|x64.ActiveCfg = PerfDebug|x64
		{09E1EC87-FE83-327F-B5BF-31BBC14DACBB}.PerfDebug|x64.Build.0 = PerfDebug|x64
		{09E1EC87-FE83-327F-B5BF-31BBC14DACBB}.Release|x64.ActiveCfg = Release|x64
		{09E1EC87-FE83-327F-B5BF-31BBC14DACBB}.Release|x64.Build.0 = Release|x64
		{5D76BC8B-1CD2-3B8E-9EA0-4D660B69851D}.Debug|x64.ActiveCfg = Debug|x64
		{5D76BC8B-1CD2-3B8E-9EA0-4D660B69851D}.Debug|x64.Build.0 = Debug|x64
		{5D76BC8B-1CD2-3B8E-9EA0-4D660B69851D}.PerfDebug|x64.ActiveCfg = PerfDebug|x64
		{5D76BC8B-1CD2-3B8E-9EA0-4D660B69851D}.PerfDebug|x64.Build.0 = PerfDebug|x64
		{5D76BC8B-1CD2-3B8E-9EA0-4D660B69851D}.Release|x64.ActiveCfg = Release|x64
		{5D76BC8B-1CD2-3B8E-9EA0-4D660B69851D}.Release|x64.Build.0 = Release|x64
	EndGlobalSection
	GlobalSection(SolutionProperties) = preSolution
		HideSolutionNode = FALSE
	EndGlobalSection
EndGlobal
