<?xml version="1.0" encoding="utf-8"?>
<Project ToolsVersion="14.0" xmlns="http://schemas.microsoft.com/developer/msbuild/2003">
  <ItemGroup>
    <ClCompile Include="F:\ExcessiveTeam-master\Games\Test\artur.cpp">
      <Filter>Source Files</Filter>
    </ClCompile>
    <ClCompile Include="F:\ExcessiveTeam-master\Games\Test\breakpadTest.cpp">
      <Filter>Source Files</Filter>
    </ClCompile>
    <ClCompile Include="F:\ExcessiveTeam-master\Games\Test\common_test.cpp">
      <Filter>Source Files</Filter>
    </ClCompile>
    <ClCompile Include="F:\ExcessiveTeam-master\Games\Test\main.cpp">
      <Filter>Source Files</Filter>
    </ClCompile>
    <ClCompile Include="F:\ExcessiveTeam-master\Games\Test\peti_graphics.cpp">
      <Filter>Source Files</Filter>
    </ClCompile>
    <ClCompile Include="F:\ExcessiveTeam-master\Games\Test\peti_test_generic.cpp">
      <Filter>Source Files</Filter>
    </ClCompile>
    <ClCompile Include="F:\ExcessiveTeam-master\Games\Test\physFsTest.cpp">
      <Filter>Source Files</Filter>
    </ClCompile>
    <ClCompile Include="F:\ExcessiveTeam-master\Games\Test\ricsi.cpp">
      <Filter>Source Files</Filter>
    </ClCompile>
    <ClCompile Include="F:\ExcessiveTeam-master\Games\Test\sqliteTest.cpp">
      <Filter>Source Files</Filter>
    </ClCompile>
  </ItemGroup>
  <ItemGroup>
    <ClInclude Include="F:\ExcessiveTeam-master\Games\Test\tests.h">
      <Filter>Header Files</Filter>
    </ClInclude>
  </ItemGroup>
  <ItemGroup>
    <Filter Include="Source Files">
      <UniqueIdentifier>{ECD885FA-5A12-3EA4-B971-22F22BB32701}</UniqueIdentifier>
    </Filter>
    <Filter Include="Header Files">
      <UniqueIdentifier>{56F76F62-91D4-3B67-B23B-D1160F9FD745}</UniqueIdentifier>
    </Filter>
  </ItemGroup>
</Project>