<?xml version="1.0" encoding="utf-8"?>
<Project ToolsVersion="14.0" xmlns="http://schemas.microsoft.com/developer/msbuild/2003">
  <ItemGroup>
    <ClCompile Include="F:\ExcessiveTeam-master\Engine\PlatformLibrary\Windows\File_win.cpp">
      <Filter>Source Files</Filter>
    </ClCompile>
    <ClCompile Include="F:\ExcessiveTeam-master\Engine\PlatformLibrary\Windows\Sys_win.cpp">
      <Filter>Source Files</Filter>
    </ClCompile>
    <ClCompile Include="F:\ExcessiveTeam-master\Engine\PlatformLibrary\Windows\Timer_win.cpp">
      <Filter>Source Files</Filter>
    </ClCompile>
    <ClCompile Include="F:\ExcessiveTeam-master\Engine\PlatformLibrary\Windows\Window_win.cpp">
      <Filter>Source Files</Filter>
    </ClCompile>
  </ItemGroup>
  <ItemGroup>
    <ClInclude Include="F:\ExcessiveTeam-master\Engine\PlatformLibrary\File.h">
      <Filter>Header Files</Filter>
    </ClInclude>
    <ClInclude Include="F:\ExcessiveTeam-master\Engine\PlatformLibrary\IFile.h">
      <Filter>Header Files</Filter>
    </ClInclude>
    <ClInclude Include="F:\ExcessiveTeam-master\Engine\PlatformLibrary\Sys.h">
      <Filter>Header Files</Filter>
    </ClInclude>
    <ClInclude Include="F:\ExcessiveTeam-master\Engine\PlatformLibrary\Timer.h">
      <Filter>Header Files</Filter>
    </ClInclude>
    <ClInclude Include="F:\ExcessiveTeam-master\Engine\PlatformLibrary\Window.h">
      <Filter>Header Files</Filter>
    </ClInclude>
    <ClInclude Include="F:\ExcessiveTeam-master\Engine\PlatformLibrary\WindowCommon.h">
      <Filter>Header Files</Filter>
    </ClInclude>
    <ClInclude Include="F:\ExcessiveTeam-master\Engine\PlatformLibrary\Windows\File_win.h">
      <Filter>Header Files</Filter>
    </ClInclude>
    <ClInclude Include="F:\ExcessiveTeam-master\Engine\PlatformLibrary\Windows\Timer_win.h">
      <Filter>Header Files</Filter>
    </ClInclude>
    <ClInclude Include="F:\ExcessiveTeam-master\Engine\PlatformLibrary\Windows\Window_win.h">
      <Filter>Header Files</Filter>
    </ClInclude>
  </ItemGroup>
  <ItemGroup>
    <Filter Include="Source Files">
      <UniqueIdentifier>{ECD885FA-5A12-3EA4-B971-22F22BB32701}</UniqueIdentifier>
    </Filter>
    <Filter Include="Header Files">
      <UniqueIdentifier>{56F76F62-91D4-3B67-B23B-D1160F9FD745}</UniqueIdentifier>
    </Filter>
  </ItemGroup>
</Project>