<?xml version="1.0" encoding="utf-8"?>
<Project ToolsVersion="14.0" xmlns="http://schemas.microsoft.com/developer/msbuild/2003">
  <ItemGroup>
    <ClInclude Include="utility\ref_ptr.h" />
    <ClInclude Include="Entity.h" />
    <ClInclude Include="GraphicsEngineRaster.h" />
    <ClInclude Include="Light.h" />
    <ClInclude Include="Material.h" />
    <ClInclude Include="Mesh.h" />
    <ClInclude Include="PipelineData.h" />
    <ClInclude Include="PipelineNode.h" />
    <ClInclude Include="PipelineNodeFactory.h" />
    <ClInclude Include="PipelinePorts.h" />
    <ClInclude Include="Scene.h" />
    <ClInclude Include="SceneManager.h" />
    <ClInclude Include="Texture.h" />
  </ItemGroup>
  <ItemGroup>
    <ClCompile Include="Entity.cpp" />
    <ClCompile Include="GraphicsEngineRaster.cpp" />
    <ClCompile Include="Light.cpp" />
    <ClCompile Include="Material.cpp" />
    <ClCompile Include="Mesh.cpp" />
    <ClCompile Include="PipelineData.cpp" />
    <ClCompile Include="PipelineNode.cpp" />
    <ClCompile Include="PipelineNodeFactory.cpp" />
    <ClCompile Include="PipelinePorts.cpp" />
    <ClCompile Include="Scene.cpp" />
    <ClCompile Include="SceneManager.cpp" />
    <ClCompile Include="test.cpp" />
    <ClCompile Include="Texture.cpp" />
  </ItemGroup>
</Project>