<?xml version="1.0" encoding="utf-8"?>
<Project ToolsVersion="14.0" xmlns="http://schemas.microsoft.com/developer/msbuild/2003">
  <ItemGroup>
    <ClCompile Include="F:\ExcessiveTeam-master\Engine\PhysicsEngine_Bullet\PhysicsEngineBullet.cpp">
      <Filter>Math</Filter>
    </ClCompile>
    <ClCompile Include="F:\ExcessiveTeam-master\Engine\PhysicsEngine_Bullet\RigidBodyEntity.cpp">
      <Filter>Math</Filter>
    </ClCompile>
    <ClCompile Include="F:\ExcessiveTeam-master\Engine\PhysicsEngine_Bullet\SoftBodyEntity.cpp">
      <Filter>Math</Filter>
    </ClCompile>
  </ItemGroup>
  <ItemGroup>
    <ClInclude Include="F:\ExcessiveTeam-master\Engine\PhysicsEngine_Bullet\PhysicsEngineBullet.h">
      <Filter>Math</Filter>
    </ClInclude>
    <ClInclude Include="F:\ExcessiveTeam-master\Engine\PhysicsEngine_Bullet\PhysicsEngineBulletDebugGatherer.h">
      <Filter>Math</Filter>
    </ClInclude>
    <ClInclude Include="F:\ExcessiveTeam-master\Engine\PhysicsEngine_Bullet\RigidBodyEntity.h">
      <Filter>Math</Filter>
    </ClInclude>
    <ClInclude Include="F:\ExcessiveTeam-master\Engine\PhysicsEngine_Bullet\SoftBodyEntity.h">
      <Filter>Math</Filter>
    </ClInclude>
    <ClInclude Include="F:\ExcessiveTeam-master\Engine\PhysicsEngine\IPhysicsEngine.h">
      <Filter>Interfaces</Filter>
    </ClInclude>
    <ClInclude Include="F:\ExcessiveTeam-master\Engine\PhysicsEngine\IRigidBodyEntity.h">
      <Filter>Interfaces</Filter>
    </ClInclude>
    <ClInclude Include="F:\ExcessiveTeam-master\Engine\PhysicsEngine\ISoftBodyEntity.h">
      <Filter>Interfaces</Filter>
    </ClInclude>
    <ClInclude Include="F:\ExcessiveTeam-master\Engine\PhysicsEngine\PhysicsCommon.h">
      <Filter>Interfaces</Filter>
    </ClInclude>
  </ItemGroup>
  <ItemGroup>
    <Filter Include="Math">
      <UniqueIdentifier>{49939576-ED7C-35A9-9609-86A67411B9AB}</UniqueIdentifier>
    </Filter>
    <Filter Include="Interfaces">
      <UniqueIdentifier>{3CB996A5-4D21-3DEC-B834-077E120727C8}</UniqueIdentifier>
    </Filter>
  </ItemGroup>
</Project>