<?xml version="1.0" encoding="utf-8"?>
<Project ToolsVersion="4.0" xmlns="http://schemas.microsoft.com/developer/msbuild/2003">
  <ItemGroup>
    <ClCompile Include="src\DLLLoader.cpp">
      <Filter>DLLLoader</Filter>
    </ClCompile>
    <ClCompile Include="src\Log.cpp">
      <Filter>Log</Filter>
    </ClCompile>
    <ClCompile Include="src\Window.cpp">
      <Filter>Window</Filter>
    </ClCompile>
    <ClCompile Include="src\DynamicLibrary.cpp">
      <Filter>DLLLoader</Filter>
    </ClCompile>
  </ItemGroup>
  <ItemGroup>
    <ClInclude Include="src\DLLLoader.h">
      <Filter>DLLLoader</Filter>
    </ClInclude>
    <ClInclude Include="src\Log.h">
      <Filter>Log</Filter>
    </ClInclude>
    <ClInclude Include="src\Window.h">
      <Filter>Window</Filter>
    </ClInclude>
  </ItemGroup>
  <ItemGroup>
    <Filter Include="DLLLoader">
      <UniqueIdentifier>{673d65d8-76e9-4bec-818d-d94251a25760}</UniqueIdentifier>
    </Filter>
    <Filter Include="Log">
      <UniqueIdentifier>{ee9657fc-4ba8-484a-9ed6-874e1250384d}</UniqueIdentifier>
    </Filter>
    <Filter Include="Window">
      <UniqueIdentifier>{639b1f0b-3da7-4876-a5ee-bbe475228b3a}</UniqueIdentifier>
    </Filter>
  </ItemGroup>
</Project>