<?xml version="1.0" encoding="utf-8"?>
<Project ToolsVersion="14.0" xmlns="http://schemas.microsoft.com/developer/msbuild/2003">
  <ItemGroup>
    <ClCompile Include="F:\ExcessiveTeam-master\Engine\Core\Actor.cpp">
      <Filter>Source Files</Filter>
    </ClCompile>
    <ClCompile Include="F:\ExcessiveTeam-master\Engine\Core\ActorScript.cpp">
      <Filter>Source Files</Filter>
    </ClCompile>
    <ClCompile Include="F:\ExcessiveTeam-master\Engine\Core\Behavior.cpp">
      <Filter>Source Files</Filter>
    </ClCompile>
    <ClCompile Include="F:\ExcessiveTeam-master\Engine\Core\CameraComponent.cpp">
      <Filter>Source Files</Filter>
    </ClCompile>
    <ClCompile Include="F:\ExcessiveTeam-master\Engine\Core\EngineCore.cpp">
      <Filter>Source Files</Filter>
    </ClCompile>
    <ClCompile Include="F:\ExcessiveTeam-master\Engine\Core\GameWorld.cpp">
      <Filter>Source Files</Filter>
    </ClCompile>
    <ClCompile Include="F:\ExcessiveTeam-master\Engine\Core\GraphicsCore.cpp">
      <Filter>Source Files</Filter>
    </ClCompile>
    <ClCompile Include="F:\ExcessiveTeam-master\Engine\Core\InputCore.cpp">
      <Filter>Source Files</Filter>
    </ClCompile>
    <ClCompile Include="F:\ExcessiveTeam-master\Engine\Core\MeshComponent.cpp">
      <Filter>Source Files</Filter>
    </ClCompile>
    <ClCompile Include="F:\ExcessiveTeam-master\Engine\Core\NetworkCore.cpp">
      <Filter>Source Files</Filter>
    </ClCompile>
    <ClCompile Include="F:\ExcessiveTeam-master\Engine\Core\PhysicsCore.cpp">
      <Filter>Source Files</Filter>
    </ClCompile>
    <ClCompile Include="F:\ExcessiveTeam-master\Engine\Core\RigidBodyComponent.cpp">
      <Filter>Source Files</Filter>
    </ClCompile>
    <ClCompile Include="F:\ExcessiveTeam-master\Engine\Core\Script.cpp">
      <Filter>Source Files</Filter>
    </ClCompile>
    <ClCompile Include="F:\ExcessiveTeam-master\Engine\Core\SoftBodyComponent.cpp">
      <Filter>Source Files</Filter>
    </ClCompile>
    <ClCompile Include="F:\ExcessiveTeam-master\Engine\Core\SoundCore.cpp">
      <Filter>Source Files</Filter>
    </ClCompile>
    <ClCompile Include="F:\ExcessiveTeam-master\Engine\Core\WorldComponent.cpp">
      <Filter>Source Files</Filter>
    </ClCompile>
  </ItemGroup>
  <ItemGroup>
    <ClInclude Include="F:\ExcessiveTeam-master\Engine\Core\Actor.h">
      <Filter>Header Files</Filter>
    </ClInclude>
    <ClInclude Include="F:\ExcessiveTeam-master\Engine\Core\ActorScript.h">
      <Filter>Header Files</Filter>
    </ClInclude>
    <ClInclude Include="F:\ExcessiveTeam-master\Engine\Core\Behavior.h">
      <Filter>Header Files</Filter>
    </ClInclude>
    <ClInclude Include="F:\ExcessiveTeam-master\Engine\Core\CameraComponent.h">
      <Filter>Header Files</Filter>
    </ClInclude>
    <ClInclude Include="F:\ExcessiveTeam-master\Engine\Core\CoreCommon.h">
      <Filter>Header Files</Filter>
    </ClInclude>
    <ClInclude Include="F:\ExcessiveTeam-master\Engine\Core\EngineCore.h">
      <Filter>Header Files</Filter>
    </ClInclude>
    <ClInclude Include="F:\ExcessiveTeam-master\Engine\Core\GameWorld.h">
      <Filter>Header Files</Filter>
    </ClInclude>
    <ClInclude Include="F:\ExcessiveTeam-master\Engine\Core\GraphicsCore.h">
      <Filter>Header Files</Filter>
    </ClInclude>
    <ClInclude Include="F:\ExcessiveTeam-master\Engine\Core\InputCore.h">
      <Filter>Header Files</Filter>
    </ClInclude>
    <ClInclude Include="F:\ExcessiveTeam-master\Engine\Core\MeshComponent.h">
      <Filter>Header Files</Filter>
    </ClInclude>
    <ClInclude Include="F:\ExcessiveTeam-master\Engine\Core\NetworkCore.h">
      <Filter>Header Files</Filter>
    </ClInclude>
    <ClInclude Include="F:\ExcessiveTeam-master\Engine\Core\PhysicsCore.h">
      <Filter>Header Files</Filter>
    </ClInclude>
    <ClInclude Include="F:\ExcessiveTeam-master\Engine\Core\RigidBodyComponent.h">
      <Filter>Header Files</Filter>
    </ClInclude>
    <ClInclude Include="F:\ExcessiveTeam-master\Engine\Core\Script.h">
      <Filter>Header Files</Filter>
    </ClInclude>
    <ClInclude Include="F:\ExcessiveTeam-master\Engine\Core\SoftBodyComponent.h">
      <Filter>Header Files</Filter>
    </ClInclude>
    <ClInclude Include="F:\ExcessiveTeam-master\Engine\Core\SoundCore.h">
      <Filter>Header Files</Filter>
    </ClInclude>
    <ClInclude Include="F:\ExcessiveTeam-master\Engine\Core\Transform3DComponent.h">
      <Filter>Header Files</Filter>
    </ClInclude>
    <ClInclude Include="F:\ExcessiveTeam-master\Engine\Core\WorldComponent.h">
      <Filter>Header Files</Filter>
    </ClInclude>
  </ItemGroup>
  <ItemGroup>
    <Filter Include="Source Files">
      <UniqueIdentifier>{ECD885FA-5A12-3EA4-B971-22F22BB32701}</UniqueIdentifier>
    </Filter>
    <Filter Include="Header Files">
      <UniqueIdentifier>{56F76F62-91D4-3B67-B23B-D1160F9FD745}</UniqueIdentifier>
    </Filter>
  </ItemGroup>
</Project>