<?xml version="1.0" encoding="utf-8"?>
<Project ToolsVersion="4.0" xmlns="http://schemas.microsoft.com/developer/msbuild/2003">
  <ItemGroup>
    <Filter Include="DllMain">
      <UniqueIdentifier>{9a6dec54-de8c-47d6-b89a-a8f08db756c8}</UniqueIdentifier>
    </Filter>
    <Filter Include="Geometry">
      <UniqueIdentifier>{69401ff4-5718-4298-8a85-0f5f180dac09}</UniqueIdentifier>
    </Filter>
    <Filter Include="Material">
      <UniqueIdentifier>{b3121743-3b69-4bfc-9e64-253f2c178d89}</UniqueIdentifier>
    </Filter>
    <Filter Include="InstanceGroup">
      <UniqueIdentifier>{4e27b621-13b9-4176-95f0-d1159f72e45c}</UniqueIdentifier>
    </Filter>
    <Filter Include="Managers">
      <UniqueIdentifier>{efe1b5bd-1235-46e6-9508-a4c45cc63c09}</UniqueIdentifier>
    </Filter>
    <Filter Include="Shaders">
      <UniqueIdentifier>{ddcdb1fc-4aec-4c9f-80c9-bcca7e907012}</UniqueIdentifier>
    </Filter>
    <Filter Include="Entity">
      <UniqueIdentifier>{865a85d9-2841-432f-80c4-59d935276367}</UniqueIdentifier>
    </Filter>
    <Filter Include="Shadow">
      <UniqueIdentifier>{13753518-cab2-4424-ab0f-dac2c280a02c}</UniqueIdentifier>
    </Filter>
  </ItemGroup>
  <ItemGroup>
    <ClCompile Include="src\GraphicsEngine.cpp" />
    <ClCompile Include="src\DllMain.cpp">
      <Filter>DllMain</Filter>
    </ClCompile>
    <ClCompile Include="src\Material.cpp">
      <Filter>Material</Filter>
    </ClCompile>
    <ClCompile Include="src\InstanceGroup.cpp">
      <Filter>InstanceGroup</Filter>
    </ClCompile>
    <ClCompile Include="src\ResourceManager.cpp">
      <Filter>Managers</Filter>
    </ClCompile>
    <ClCompile Include="src\SceneManager.cpp">
      <Filter>Managers</Filter>
    </ClCompile>
    <ClCompile Include="src\Geometry.cpp">
      <Filter>Geometry</Filter>
    </ClCompile>
    <ClCompile Include="src\ResourceReference.cpp">
      <Filter>Managers</Filter>
    </ClCompile>
    <ClCompile Include="src\DeferredRenderer.cpp" />
    <ClCompile Include="src\HDRProcessor.cpp" />
    <ClCompile Include="src\GraphicsScene.cpp" />
    <ClCompile Include="src\_GeometryBuilder.cpp">
      <Filter>Geometry</Filter>
    </ClCompile>
    <ClCompile Include="src\UserGeometry.cpp">
      <Filter>Geometry</Filter>
    </ClCompile>
    <ClCompile Include="src\PostProcessor.cpp" />
    <ClCompile Include="src\GraphicsEntity.cpp">
      <Filter>Entity</Filter>
    </ClCompile>
    <ClCompile Include="src\GraphicsLight.cpp">
      <Filter>Entity</Filter>
    </ClCompile>
    <ClCompile Include="src\ShadowMap.cpp">
      <Filter>Shadow</Filter>
    </ClCompile>
    <ClCompile Include="src\ShadowRenderer.cpp">
      <Filter>Shadow</Filter>
    </ClCompile>
  </ItemGroup>
  <ItemGroup>
    <ClInclude Include="src\GraphicsEngine.h" />
    <ClInclude Include="src\Material.h">
      <Filter>Material</Filter>
    </ClInclude>
    <ClInclude Include="src\InstanceGroup.h">
      <Filter>InstanceGroup</Filter>
    </ClInclude>
    <ClInclude Include="src\ResourceManager.h">
      <Filter>Managers</Filter>
    </ClInclude>
    <ClInclude Include="src\SceneManager.h">
      <Filter>Managers</Filter>
    </ClInclude>
    <ClInclude Include="src\Geometry.h">
      <Filter>Geometry</Filter>
    </ClInclude>
    <ClInclude Include="src\ResourceReference.h">
      <Filter>Managers</Filter>
    </ClInclude>
    <ClInclude Include="src\_GeometryBuilder.h">
      <Filter>Geometry</Filter>
    </ClInclude>
    <ClInclude Include="src\DeferredLightVolume.h" />
    <ClInclude Include="src\UserGeometry.h">
      <Filter>Geometry</Filter>
    </ClInclude>
    <ClInclude Include="src\GraphicsEntity.h">
      <Filter>Entity</Filter>
    </ClInclude>
    <ClInclude Include="src\GraphicsLight.h">
      <Filter>Entity</Filter>
    </ClInclude>
    <ClInclude Include="src\ShadowMap.h">
      <Filter>Shadow</Filter>
    </ClInclude>
  </ItemGroup>
  <ItemGroup>
    <None Include="..\TechDemo\shaders\deferred_gbuffer.cg">
      <Filter>Shaders</Filter>
    </None>
    <None Include="..\TechDemo\shaders\deferred_lightpass_cmn.cginc">
      <Filter>Shaders</Filter>
    </None>
    <None Include="..\TechDemo\shaders\hdr_blur_horiz.cg">
      <Filter>Shaders</Filter>
    </None>
    <None Include="..\TechDemo\shaders\hdr_blur_vert.cg">
      <Filter>Shaders</Filter>
    </None>
    <None Include="..\TechDemo\shaders\hdr_compose.cg">
      <Filter>Shaders</Filter>
    </None>
    <None Include="..\TechDemo\shaders\hdr_luminance_avg.cg">
      <Filter>Shaders</Filter>
    </None>
    <None Include="..\TechDemo\shaders\hdr_luminance_sample.cg">
      <Filter>Shaders</Filter>
    </None>
    <None Include="..\TechDemo\shaders\hdr_overbright_downsample.cg">
      <Filter>Shaders</Filter>
    </None>
    <None Include="..\TechDemo\shaders\motion_blur.cg">
      <Filter>Shaders</Filter>
    </None>
    <None Include="..\TechDemo\shaders\screen_copy.cg">
      <Filter>Shaders</Filter>
    </None>
    <None Include="..\TechDemo\shaders\deferred_light_spot.cg">
      <Filter>Shaders</Filter>
    </None>
    <None Include="..\TechDemo\shaders\deferred_light_dir.cg">
      <Filter>Shaders</Filter>
    </None>
    <None Include="..\TechDemo\shaders\deferred_light_ambient.cg">
      <Filter>Shaders</Filter>
    </None>
    <None Include="..\TechDemo\shaders\deferred_light_point.cg">
      <Filter>Shaders</Filter>
    </None>
    <None Include="..\TechDemo\shaders\sky.cg">
      <Filter>Shaders</Filter>
    </None>
    <None Include="..\TechDemo\shaders\ssao.cg">
      <Filter>Shaders</Filter>
    </None>
    <None Include="..\TechDemo\shaders\tone_mapping.cginc">
      <Filter>Shaders</Filter>
    </None>
    <None Include="..\TechDemo\shaders\common.cginc">
      <Filter>Shaders</Filter>
    </None>
    <None Include="..\TechDemo\shaders\common_color.cginc">
      <Filter>Shaders</Filter>
    </None>
    <None Include="..\TechDemo\shaders\shadowmap_cmn.cginc">
      <Filter>Shadow</Filter>
    </None>
    <None Include="..\TechDemo\shaders\shadowmap_render_dir.cg">
      <Filter>Shadow</Filter>
    </None>
    <None Include="..\TechDemo\shaders\hbao.cg">
      <Filter>Shaders</Filter>
    </None>
    <None Include="..\TechDemo\shaders\deferred_gbuffer_material.cginc">
      <Filter>Shaders</Filter>
    </None>
    <None Include="..\TechDemo\shaders\fxaa.cg">
      <Filter>Shaders</Filter>
    </None>
    <None Include="..\TechDemo\shaders\hbao_blur_hor.cg">
      <Filter>Shaders</Filter>
    </None>
    <None Include="..\TechDemo\shaders\hbao_blur_ver.cg">
      <Filter>Shaders</Filter>
    </None>
    <None Include="..\TechDemo\shaders\motion_blur_camera_2dvelocity.cg">
      <Filter>Shaders</Filter>
    </None>
    <None Include="..\TechDemo\shaders\motion_blur_object_2dvelocity.cg">
      <Filter>Shaders</Filter>
    </None>
    <None Include="..\TechDemo\shaders\sao.cg" />
    <None Include="..\TechDemo\shaders\ssar.cg" />
    <None Include="..\TechDemo\shaders\ssvr.cg" />
    <None Include="..\TechDemo\shaders\ssdo.cg" />
    <None Include="..\TechDemo\shaders\dof.cg" />
    <None Include="..\TechDemo\shaders\dof_bokeh.cg" />
    <None Include="..\TechDemo\shaders\dof_focal_plane_adaption.cg" />
    <None Include="..\TechDemo\shaders\BRDF.cg">
      <Filter>Shaders</Filter>
    </None>
  </ItemGroup>
</Project>