<?xml version="1.0" encoding="utf-8"?>
<Project ToolsVersion="14.0" xmlns="http://schemas.microsoft.com/developer/msbuild/2003">
  <ItemGroup>
    <ClCompile Include="Camera.cpp" />
    <ClCompile Include="Common.cpp" />
    <ClCompile Include="Importer3D.cpp" />
    <ClCompile Include="Transform3D.cpp" />
    <ClCompile Include="VisualCpuProfiler.cpp" />
    <ClCompile Include="Logging_\Event.cpp">
      <Filter>Logging</Filter>
    </ClCompile>
    <ClCompile Include="Logging_\Logger.cpp">
      <Filter>Logging</Filter>
    </ClCompile>
    <ClCompile Include="Logging_\LogNode.cpp">
      <Filter>Logging</Filter>
    </ClCompile>
    <ClCompile Include="Logging_\LogPipe.cpp">
      <Filter>Logging</Filter>
    </ClCompile>
    <ClCompile Include="Logging_\LogStream.cpp">
      <Filter>Logging</Filter>
    </ClCompile>
    <ClCompile Include="Serialization_\BinarySerializer.cpp">
      <Filter>Serialization</Filter>
    </ClCompile>
    <ClCompile Include="Serialization_\BinarySerializerExtensions.cpp">
      <Filter>Serialization</Filter>
    </ClCompile>
    <ClCompile Include="Utility_\Spinlock.cpp">
      <Filter>Utility</Filter>
    </ClCompile>
  </ItemGroup>
  <ItemGroup>
    <ClInclude Include="Camera.h" />
    <ClInclude Include="Common.h" />
    <ClInclude Include="custom_assert.h" />
    <ClInclude Include="ICamera.h" />
    <ClInclude Include="Importer3D.h" />
    <ClInclude Include="logger.h" />
    <ClInclude Include="Transform3D.h" />
    <ClInclude Include="Triangle.h" />
    <ClInclude Include="VisualCpuProfiler.h" />
    <ClInclude Include="Types.h" />
    <ClInclude Include="Logging_\Event.hpp">
      <Filter>Logging</Filter>
    </ClInclude>
    <ClInclude Include="Logging_\EventEntry.hpp">
      <Filter>Logging</Filter>
    </ClInclude>
    <ClInclude Include="Logging_\LogCentre.hpp">
      <Filter>Logging</Filter>
    </ClInclude>
    <ClInclude Include="Logging_\Logger.hpp">
      <Filter>Logging</Filter>
    </ClInclude>
    <ClInclude Include="Logging_\LogNode.hpp">
      <Filter>Logging</Filter>
    </ClInclude>
    <ClInclude Include="Logging_\LogPipe.hpp">
      <Filter>Logging</Filter>
    </ClInclude>
    <ClInclude Include="Logging_\LogStream.hpp">
      <Filter>Logging</Filter>
    </ClInclude>
    <ClInclude Include="Serialization_\BinarySerializer.hpp">
      <Filter>Serialization</Filter>
    </ClInclude>
    <ClInclude Include="Serialization_\BinarySerializerExtensions.hpp">
      <Filter>Serialization</Filter>
    </ClInclude>
    <ClInclude Include="TypeSystem_\BasicTypes..h">
      <Filter>TypeSystem</Filter>
    </ClInclude>
    <ClInclude Include="Utility_\Singleton.hpp">
      <Filter>Utility</Filter>
    </ClInclude>
    <ClInclude Include="Utility_\Spinlock.hpp">
      <Filter>Utility</Filter>
    </ClInclude>
  </ItemGroup>
  <ItemGroup>
    <Filter Include="TypeSystem">
      <UniqueIdentifier>{37E9A107-3A3C-3F6D-A75B-AFF3033C79E2}</UniqueIdentifier>
    </Filter>
    <Filter Include="Serialization">
      <UniqueIdentifier>{93BE76D9-2D16-3C6D-80F7-40C7DD31D3F7}</UniqueIdentifier>
    </Filter>
    <Filter Include="Logging">
      <UniqueIdentifier>{69114C9C-90EC-3796-86CE-EFAFB635C1C8}</UniqueIdentifier>
    </Filter>
    <Filter Include="Utility">
      <UniqueIdentifier>{9741F03B-1ED3-3E42-8A25-4D914AB621D2}</UniqueIdentifier>
    </Filter>
  </ItemGroup>
</Project>